{
    "version": 3,
    "terraform_version": "0.11.8",
    "serial": 8,
    "lineage": "e9f625da-069a-6b45-93c6-c4a436e23ad3",
    "modules": [
        {
            "path": [
                "root"
            ],
            "outputs": {
                "alb_dns_name": {
                    "sensitive": false,
                    "type": "string",
                    "value": "production-alb-openjobs-2007007696.us-east-1.elb.amazonaws.com"
                }
            },
            "resources": {
                "aws_key_pair.key": {
                    "type": "aws_key_pair",
                    "depends_on": [],
                    "primary": {
                        "id": "production_key",
                        "attributes": {
                            "fingerprint": "d8:2d:c1:e5:c5:0a:21:89:37:d2:e9:14:aa:a6:6c:9d",
                            "id": "production_key",
                            "key_name": "production_key",
                            "public_key": "ssh-rsa AAAAB3NzaC1yc2EAAAADAQABAAACAQCzNhNt7th7EitIsVt4kIdrGhiBDGWyTO4p5UMXkTk/uriLbHsQDFakbAlPAtJIYitAzzYPXEvbPu4nZsuQLYMilfnnXVD61/xxAWbWw7V/dAKg1DVLwdOtQK4jv+xue7QiyvAnEnzcR+fCUyz9AhW4j0yO75i4VZzWNjDcy2MnKu68WnEKyhYQOkQRKtHub59P9jYbmlIux3WL2rUd5YaP/Ey3tt/yS1BtDBKJSVCwyO65DJijUq9riWf9O7J0PDJLJKO7gt7hfTrcRI0/irhMqObwmThH5F7ZVReSALwDCCaLH83c7V5EUeLoN+UbDvKz/giMh8b6zJ/tWs81/31HmZxn8qTzyXXcefX/PapTITKDKffWIc11WTbv+L1sV9T8FnhH6lP3YJx0bWDpv/getjG7xPVmqN5wOpIOREUwuoa84UsosC85uS/HqjUt7vR3EWgHbdLKj7lgI4l0BtFaMmFR99OuPbGzPKlY6r7icbI7TUAJwZPwsyyG3SQ/C+bVubyEamMZLmgMqrBiCjcDSC5it5cO3YvrXbnPt7BAoJaoN0qxeKTMTYArL7PC7na+aVMkCtvx9UEnWxXfcDnwVcmNlPNDQsRmcPwumkOPKHWDwGYsMHMPbh8xxRH2IuUfc54LVtUzIoX3T30JJ2Z+BUip9FhEVlXi6UFNo3H6yw== oky.sabeni@gmail.com"
                        },
                        "meta": {
                            "schema_version": "1"
                        },
                        "tainted": false
                    },
                    "deposed": [],
                    "provider": "provider.aws"
                },
                "aws_route53_delegation_set.main": {
                    "type": "aws_route53_delegation_set",
                    "depends_on": [],
                    "primary": {
                        "id": "N1TZGKEU9CNNVF",
                        "attributes": {
                            "id": "N1TZGKEU9CNNVF",
                            "name_servers.#": "4",
                            "name_servers.0": "ns-1289.awsdns-33.org",
                            "name_servers.1": "ns-1642.awsdns-13.co.uk",
                            "name_servers.2": "ns-272.awsdns-34.com",
                            "name_servers.3": "ns-636.awsdns-15.net",
                            "reference_name": "DynDNS"
                        },
                        "meta": {},
                        "tainted": false
                    },
                    "deposed": [],
                    "provider": "provider.aws"
                },
                "aws_route53_record.www-prod": {
                    "type": "aws_route53_record",
                    "depends_on": [
                        "aws_route53_zone.primary_route",
                        "module.ecs"
                    ],
                    "primary": {
                        "id": "Z2HXCWO7U2O9M8_www.ecsfargateexample.tk_A",
                        "attributes": {
                            "alias.#": "1",
                            "alias.2974575830.evaluate_target_health": "true",
                            "alias.2974575830.name": "production-alb-openjobs-2007007696.us-east-1.elb.amazonaws.com",
                            "alias.2974575830.zone_id": "Z35SXDOTRQ7X7K",
                            "allow_overwrite": "true",
                            "fqdn": "www.ecsfargateexample.tk",
                            "health_check_id": "",
                            "id": "Z2HXCWO7U2O9M8_www.ecsfargateexample.tk_A",
                            "name": "www.ecsfargateexample.tk",
                            "records.#": "0",
                            "set_identifier": "",
                            "ttl": "0",
                            "type": "A",
                            "zone_id": "Z2HXCWO7U2O9M8"
                        },
                        "meta": {
                            "schema_version": "2"
                        },
                        "tainted": false
                    },
                    "deposed": [],
                    "provider": "provider.aws"
                },
                "aws_route53_zone.primary_route": {
                    "type": "aws_route53_zone",
                    "depends_on": [
                        "aws_route53_delegation_set.main"
                    ],
                    "primary": {
                        "id": "Z2HXCWO7U2O9M8",
                        "attributes": {
                            "comment": "Managed by Terraform",
                            "delegation_set_id": "N1TZGKEU9CNNVF",
                            "force_destroy": "false",
                            "id": "Z2HXCWO7U2O9M8",
                            "name": "ecsfargateexample.tk",
                            "name_servers.#": "4",
                            "name_servers.0": "ns-1289.awsdns-33.org",
                            "name_servers.1": "ns-1642.awsdns-13.co.uk",
                            "name_servers.2": "ns-272.awsdns-34.com",
                            "name_servers.3": "ns-636.awsdns-15.net",
                            "tags.%": "0",
                            "zone_id": "Z2HXCWO7U2O9M8"
                        },
                        "meta": {},
                        "tainted": false
                    },
                    "deposed": [],
                    "provider": "provider.aws"
                }
            },
            "depends_on": []
        },
        {
            "path": [
                "root",
                "code_pipeline"
            ],
            "outputs": {},
            "resources": {
                "aws_codebuild_project.openjobs_build": {
                    "type": "aws_codebuild_project",
                    "depends_on": [
                        "aws_iam_role.codebuild_role",
                        "data.template_file.buildspec"
                    ],
                    "primary": {
                        "id": "arn:aws:codebuild:us-east-1:526031810329:project/openjobs-codebuild",
                        "attributes": {
                            "artifacts.#": "1",
                            "artifacts.2731293239.encryption_disabled": "false",
                            "artifacts.2731293239.location": "",
                            "artifacts.2731293239.name": "openjobs-codebuild",
                            "artifacts.2731293239.namespace_type": "",
                            "artifacts.2731293239.packaging": "NONE",
                            "artifacts.2731293239.path": "",
                            "artifacts.2731293239.type": "CODEPIPELINE",
                            "badge_enabled": "false",
                            "badge_url": "",
                            "build_timeout": "10",
                            "cache.#": "1",
                            "cache.0.location": "",
                            "cache.0.type": "NO_CACHE",
                            "description": "",
                            "encryption_key": "arn:aws:kms:us-east-1:526031810329:alias/aws/s3",
                            "environment.#": "1",
                            "environment.2882962266.compute_type": "BUILD_GENERAL1_SMALL",
                            "environment.2882962266.environment_variable.#": "0",
                            "environment.2882962266.image": "aws/codebuild/docker:1.12.1",
                            "environment.2882962266.privileged_mode": "true",
                            "environment.2882962266.type": "LINUX_CONTAINER",
                            "id": "arn:aws:codebuild:us-east-1:526031810329:project/openjobs-codebuild",
                            "name": "openjobs-codebuild",
                            "service_role": "arn:aws:iam::526031810329:role/codebuild-role",
                            "source.#": "1",
                            "source.3398271657.auth.#": "0",
                            "source.3398271657.buildspec": "version: 0.2\n\nphases:\n  pre_build:\n    commands:\n      - pip install awscli --upgrade --user\n      - echo 'aws --version'\n      - echo Logging in to Amazon ECR...\n      - $(aws ecr get-login --region us-east-1 --no-include-email)\n      - REPOSITORY_URL=526031810329.dkr.ecr.us-east-1.amazonaws.com/okysabeni/openjobs\n      - IMAGE_TAG=$(echo $CODEBUILD_RESOLVED_SOURCE_VERSION | cut -c 1-7)\n      - echo Entered the pre_build phase...\n  build:\n    commands:\n      - echo Build started on `date`\n      - echo Buildling the Docker image...\n      - docker build --build-arg build_without=\"development test\" --build-arg rails_env=\"production\" -t $REPOSITORY_URI:latest .\n      - docker tag $REPOSITORY_URI:latest $REPOSITORY_URI:$IMAGE_TAG\n  post_build:\n    commands:\n      - echo Build completed on `date`\n      - echo Pushing the Docker images...\n      - docker push $REPOSITORY_URI:latest\n      - docker push $REPOSITORY_URI:$IMAGE_TAG\n      - echo Writing image definitions file...\n      - printf '[{\"name\":\"web\",\"imageUri\":\"%s\"}]' $REPOSITORY_URI:$IMAGE_TAG \u003e imagedefinitions.json\n      - echo upgrading db-migrate task definitions\n      - aws ecs run-task --launch-type FARGATE --cluster production-ecs-cluster --task-definition production_db_migrate --network-configuration \"awsvpcConfiguration={subnets=[subnet-0c5a4fe991d3e2ce4],securityGroups=[sg-0fa039b21b3242192,sg-0347257ae122284c7,sg-08d1510494009ab94]}\"\n  artifacts:\n    files: imagedefinitions.json\n\n",
                            "source.3398271657.git_clone_depth": "0",
                            "source.3398271657.insecure_ssl": "false",
                            "source.3398271657.location": "",
                            "source.3398271657.report_build_status": "false",
                            "source.3398271657.type": "CODEPIPELINE",
                            "tags.%": "0",
                            "vpc_config.#": "0"
                        },
                        "meta": {},
                        "tainted": false
                    },
                    "deposed": [],
                    "provider": "provider.aws"
                },
                "aws_codepipeline.pipeline": {
                    "type": "aws_codepipeline",
                    "depends_on": [
                        "aws_iam_role.codepipeline_role",
                        "aws_s3_bucket.source"
                    ],
                    "primary": {
                        "id": "openjobs-pipeline",
                        "attributes": {
                            "arn": "arn:aws:codepipeline:us-east-1:526031810329:openjobs-pipeline",
                            "artifact_store.#": "1",
                            "artifact_store.0.encryption_key.#": "0",
                            "artifact_store.0.location": "openjobs-experiment-source",
                            "artifact_store.0.type": "S3",
                            "id": "openjobs-pipeline",
                            "name": "openjobs-pipeline",
                            "role_arn": "arn:aws:iam::526031810329:role/codepipeline-role",
                            "stage.#": "3",
                            "stage.0.action.#": "1",
                            "stage.0.action.0.category": "Source",
                            "stage.0.action.0.configuration.%": "3",
                            "stage.0.action.0.configuration.Branch": "master",
                            "stage.0.action.0.configuration.Owner": "oky",
                            "stage.0.action.0.configuration.Repo": "openjobs_experiment",
                            "stage.0.action.0.input_artifacts.#": "0",
                            "stage.0.action.0.name": "Source",
                            "stage.0.action.0.output_artifacts.#": "1",
                            "stage.0.action.0.output_artifacts.0": "source",
                            "stage.0.action.0.owner": "ThirdParty",
                            "stage.0.action.0.provider": "GitHub",
                            "stage.0.action.0.role_arn": "",
                            "stage.0.action.0.run_order": "1",
                            "stage.0.action.0.version": "1",
                            "stage.0.name": "Source",
                            "stage.1.action.#": "1",
                            "stage.1.action.0.category": "Build",
                            "stage.1.action.0.configuration.%": "1",
                            "stage.1.action.0.configuration.ProjectName": "openjobs-codebuild",
                            "stage.1.action.0.input_artifacts.#": "1",
                            "stage.1.action.0.input_artifacts.0": "source",
                            "stage.1.action.0.name": "Build",
                            "stage.1.action.0.output_artifacts.#": "1",
                            "stage.1.action.0.output_artifacts.0": "imagedefinitions",
                            "stage.1.action.0.owner": "AWS",
                            "stage.1.action.0.provider": "CodeBuild",
                            "stage.1.action.0.role_arn": "",
                            "stage.1.action.0.run_order": "1",
                            "stage.1.action.0.version": "1",
                            "stage.1.name": "Build",
                            "stage.2.action.#": "1",
                            "stage.2.action.0.category": "Deploy",
                            "stage.2.action.0.configuration.%": "3",
                            "stage.2.action.0.configuration.ClusterName": "production-ecs-cluster",
                            "stage.2.action.0.configuration.FileName": "imagedefinitions.json",
                            "stage.2.action.0.configuration.ServiceName": "production-web",
                            "stage.2.action.0.input_artifacts.#": "1",
                            "stage.2.action.0.input_artifacts.0": "imagedefinitions",
                            "stage.2.action.0.name": "Deploy",
                            "stage.2.action.0.output_artifacts.#": "0",
                            "stage.2.action.0.owner": "AWS",
                            "stage.2.action.0.provider": "ECS",
                            "stage.2.action.0.role_arn": "",
                            "stage.2.action.0.run_order": "1",
                            "stage.2.action.0.version": "1",
                            "stage.2.name": "Production"
                        },
                        "meta": {},
                        "tainted": false
                    },
                    "deposed": [],
                    "provider": "provider.aws"
                },
                "aws_iam_role.codebuild_role": {
                    "type": "aws_iam_role",
                    "depends_on": [],
                    "primary": {
                        "id": "codebuild-role",
                        "attributes": {
                            "arn": "arn:aws:iam::526031810329:role/codebuild-role",
                            "assume_role_policy": "{\"Version\":\"2012-10-17\",\"Statement\":[{\"Effect\":\"Allow\",\"Principal\":{\"Service\":\"codebuild.amazonaws.com\"},\"Action\":\"sts:AssumeRole\"}]}",
                            "create_date": "2018-09-06T13:11:05Z",
                            "description": "",
                            "force_detach_policies": "false",
                            "id": "codebuild-role",
                            "max_session_duration": "3600",
                            "name": "codebuild-role",
                            "path": "/",
                            "unique_id": "AROAIDFY2R5RAQXKPFOYU"
                        },
                        "meta": {},
                        "tainted": false
                    },
                    "deposed": [],
                    "provider": "provider.aws"
                },
                "aws_iam_role.codepipeline_role": {
                    "type": "aws_iam_role",
                    "depends_on": [],
                    "primary": {
                        "id": "codepipeline-role",
                        "attributes": {
                            "arn": "arn:aws:iam::526031810329:role/codepipeline-role",
                            "assume_role_policy": "{\"Version\":\"2012-10-17\",\"Statement\":[{\"Effect\":\"Allow\",\"Principal\":{\"Service\":\"codepipeline.amazonaws.com\"},\"Action\":\"sts:AssumeRole\"}]}",
                            "create_date": "2018-09-06T13:11:05Z",
                            "description": "",
                            "force_detach_policies": "false",
                            "id": "codepipeline-role",
                            "max_session_duration": "3600",
                            "name": "codepipeline-role",
                            "path": "/",
                            "unique_id": "AROAIM3UE7DIPGMGEIC4M"
                        },
                        "meta": {},
                        "tainted": false
                    },
                    "deposed": [],
                    "provider": "provider.aws"
                },
                "aws_iam_role_policy.codebuild_policy": {
                    "type": "aws_iam_role_policy",
                    "depends_on": [
                        "aws_iam_role.codebuild_role",
                        "data.template_file.codebuild_policy"
                    ],
                    "primary": {
                        "id": "codebuild-role:codebuild-policy",
                        "attributes": {
                            "id": "codebuild-role:codebuild-policy",
                            "name": "codebuild-policy",
                            "policy": "{\n  \"Version\": \"2012-10-17\",\n  \"Statement\": [\n    {\n      \"Effect\": \"Allow\",\n      \"Resource\": [\"*\"],\n      \"Action\": [\n        \"logs:CreateLogGroup\",\n        \"logs:CreateLogStream\",\n        \"logs:PutLogEvents\",\n        \"ecr:GetAuthorizationToken\",\n        \"ecr:InitiateLayerUpload\",\n        \"ecr:UploadLayerPart\",\n        \"ecr:CompleteLayerUpload\",\n        \"ecr:BatchCheckLayerAvailability\",\n        \"ecr:PutImage\",\n        \"ecs:RunTask\",\n        \"iam:PassRole\"\n      ]\n    },\n    {\n      \"Effect\": \"Allow\",\n      \"Resource\": [\"arn:aws:s3:::openjobs-experiment-source\", \"arn:aws:s3:::openjobs-experiment-source/*\"],\n      \"Action\": [\n        \"s3:GetObject\",\n        \"s3:GetObjectVersion\",\n        \"s3:GetBucketVersioning\",\n        \"s3:List*\",\n        \"s3:PutObject\"\n      ]\n    }\n  ]\n}\n",
                            "role": "codebuild-role"
                        },
                        "meta": {},
                        "tainted": false
                    },
                    "deposed": [],
                    "provider": "provider.aws"
                },
                "aws_iam_role_policy.codepipeline_policy": {
                    "type": "aws_iam_role_policy",
                    "depends_on": [
                        "aws_iam_role.codepipeline_role",
                        "data.template_file.codepipeline_policy"
                    ],
                    "primary": {
                        "id": "codepipeline-role:codepipeline_policy",
                        "attributes": {
                            "id": "codepipeline-role:codepipeline_policy",
                            "name": "codepipeline_policy",
                            "policy": "{\n  \"Version\": \"2012-10-17\",\n  \"Statement\": [\n    {\n      \"Effect\": \"Allow\",\n      \"Resource\": [\n        \"arn:aws:s3:::openjobs-experiment-source\",\n        \"arn:aws:s3:::openjobs-experiment-source/*\"\n      ],\n      \"Action\": [\n        \"s3:GetObject\",\n        \"s3:GetObjectVersion\",\n        \"s3:GetBucketVersioning\",\n        \"s3:List*\",\n        \"s3:PutObject\"\n      ]\n    },\n    {\n      \"Effect\": \"Allow\",\n      \"Resource\": \"*\",\n      \"Action\": [\n        \"codebuild:BatchGetBuilds\",\n        \"codebuild:StartBuild\"\n      ]\n    },\n    {\n      \"Effect\": \"Allow\",\n      \"Resource\": \"*\",\n      \"Action\": [\n        \"ecs:*\",\n        \"events:DescribeRule\",\n        \"events:DeleteRule\",\n        \"events:ListRuleNamesByTarget\",\n        \"events:ListTargetsByRule\",\n        \"events:PutRule\",\n        \"events:PutTargets\",\n        \"events:RemoveTargets\",\n        \"iam:ListAttachedRolePolicies\",\n        \"iam:ListInstanceProfiles\",\n        \"iam:ListRoles\",\n        \"logs:CreateLogGroup\",\n        \"logs:DescribeLogGroups\",\n        \"logs:FilterLogEvents\"\n      ]\n    },\n    {\n      \"Effect\": \"Allow\",\n      \"Resource\": [\"*\"],\n      \"Action\": \"iam:PassRole\",\n      \"Condition\": {\n        \"StringLike\": {\n          \"iam:PassedToService\": \"ecs-tasks.amazonaws.com\"\n        }\n      }\n    },\n    {\n      \"Effect\": \"Allow\",\n      \"Resource\": [\n        \"arn:aws:iam::*:role/ecsInstanceRole*\"\n      ],\n      \"Action\": \"iam:PassRole\",\n      \"Condition\": {\n        \"StringLike\": {\n          \"iam:PassedToService\": [\n            \"ec2.amazonaws.com\",\n            \"ec2.amazonaws.com.cn\"\n          ]\n        }\n      }\n    },\n    {\n      \"Effect\": \"Allow\",\n      \"Resource\": [\n        \"arn:aws:iam::*:role/ecsAutoscaleRole*\"\n      ],\n      \"Action\": \"iam:PassRole\",\n      \"Condition\": {\n        \"StringLike\": {\n          \"iam:PassedToService\": [\n            \"application-autoscaling.amazonaws.com\",\n            \"application-autoscaling.amazonaws.com.cn\"\n          ]\n        }\n      }\n    },\n    {\n      \"Effect\": \"Allow\",\n      \"Resource\": \"*\",\n      \"Action\": \"iam:CreateServiceLinkedRole\",\n      \"Condition\": {\n        \"StringLike\": {\n          \"iam:AWSServiceName\": [\n            \"ecs.amazonaws.com\",\n            \"spot.amazonaws.com\",\n            \"spotfleet.amazonaws.com\"\n          ]\n        }\n      }\n    }\n  ]\n}\n",
                            "role": "codepipeline-role"
                        },
                        "meta": {},
                        "tainted": false
                    },
                    "deposed": [],
                    "provider": "provider.aws"
                },
                "aws_s3_bucket.source": {
                    "type": "aws_s3_bucket",
                    "depends_on": [],
                    "primary": {
                        "id": "openjobs-experiment-source",
                        "attributes": {
                            "acceleration_status": "",
                            "acl": "private",
                            "arn": "arn:aws:s3:::openjobs-experiment-source",
                            "bucket": "openjobs-experiment-source",
                            "bucket_domain_name": "openjobs-experiment-source.s3.amazonaws.com",
                            "bucket_regional_domain_name": "openjobs-experiment-source.s3.amazonaws.com",
                            "cors_rule.#": "0",
                            "force_destroy": "true",
                            "hosted_zone_id": "Z3AQBSTGFYJSTF",
                            "id": "openjobs-experiment-source",
                            "logging.#": "0",
                            "region": "us-east-1",
                            "replication_configuration.#": "0",
                            "request_payer": "BucketOwner",
                            "server_side_encryption_configuration.#": "0",
                            "tags.%": "0",
                            "versioning.#": "1",
                            "versioning.0.enabled": "false",
                            "versioning.0.mfa_delete": "false",
                            "website.#": "0"
                        },
                        "meta": {},
                        "tainted": false
                    },
                    "deposed": [],
                    "provider": "provider.aws"
                },
                "data.template_file.buildspec": {
                    "type": "template_file",
                    "depends_on": [],
                    "primary": {
                        "id": "aa20ca94ae57662b6815f05dbfb18ecff45166a9fece57dd58923ebb47553517",
                        "attributes": {
                            "id": "aa20ca94ae57662b6815f05dbfb18ecff45166a9fece57dd58923ebb47553517",
                            "rendered": "version: 0.2\n\nphases:\n  pre_build:\n    commands:\n      - pip install awscli --upgrade --user\n      - echo 'aws --version'\n      - echo Logging in to Amazon ECR...\n      - $(aws ecr get-login --region us-east-1 --no-include-email)\n      - REPOSITORY_URL=526031810329.dkr.ecr.us-east-1.amazonaws.com/okysabeni/openjobs\n      - IMAGE_TAG=$(echo $CODEBUILD_RESOLVED_SOURCE_VERSION | cut -c 1-7)\n      - echo Entered the pre_build phase...\n  build:\n    commands:\n      - echo Build started on `date`\n      - echo Buildling the Docker image...\n      - docker build --build-arg build_without=\"development test\" --build-arg rails_env=\"production\" -t $REPOSITORY_URI:latest .\n      - docker tag $REPOSITORY_URI:latest $REPOSITORY_URI:$IMAGE_TAG\n  post_build:\n    commands:\n      - echo Build completed on `date`\n      - echo Pushing the Docker images...\n      - docker push $REPOSITORY_URI:latest\n      - docker push $REPOSITORY_URI:$IMAGE_TAG\n      - echo Writing image definitions file...\n      - printf '[{\"name\":\"web\",\"imageUri\":\"%s\"}]' $REPOSITORY_URI:$IMAGE_TAG \u003e imagedefinitions.json\n      - echo upgrading db-migrate task definitions\n      - aws ecs run-task --launch-type FARGATE --cluster production-ecs-cluster --task-definition production_db_migrate --network-configuration \"awsvpcConfiguration={subnets=[subnet-0c5a4fe991d3e2ce4],securityGroups=[sg-0fa039b21b3242192,sg-0347257ae122284c7,sg-08d1510494009ab94]}\"\n  artifacts:\n    files: imagedefinitions.json\n\n",
                            "template": "version: 0.2\n\nphases:\n  pre_build:\n    commands:\n      - pip install awscli --upgrade --user\n      - echo 'aws --version'\n      - echo Logging in to Amazon ECR...\n      - $(aws ecr get-login --region ${region} --no-include-email)\n      - REPOSITORY_URL=${repository_url}\n      - IMAGE_TAG=$(echo $CODEBUILD_RESOLVED_SOURCE_VERSION | cut -c 1-7)\n      - echo Entered the pre_build phase...\n  build:\n    commands:\n      - echo Build started on `date`\n      - echo Buildling the Docker image...\n      - docker build --build-arg build_without=\"development test\" --build-arg rails_env=\"production\" -t $REPOSITORY_URI:latest .\n      - docker tag $REPOSITORY_URI:latest $REPOSITORY_URI:$IMAGE_TAG\n  post_build:\n    commands:\n      - echo Build completed on `date`\n      - echo Pushing the Docker images...\n      - docker push $REPOSITORY_URI:latest\n      - docker push $REPOSITORY_URI:$IMAGE_TAG\n      - echo Writing image definitions file...\n      - printf '[{\"name\":\"web\",\"imageUri\":\"%s\"}]' $REPOSITORY_URI:$IMAGE_TAG \u003e imagedefinitions.json\n      - echo upgrading db-migrate task definitions\n      - aws ecs run-task --launch-type FARGATE --cluster ${cluster_name} --task-definition production_db_migrate --network-configuration \"awsvpcConfiguration={subnets=[${subnet_id}],securityGroups=[${security_group_ids}]}\"\n  artifacts:\n    files: imagedefinitions.json\n\n",
                            "vars.%": "5",
                            "vars.cluster_name": "production-ecs-cluster",
                            "vars.region": "us-east-1",
                            "vars.repository_url": "526031810329.dkr.ecr.us-east-1.amazonaws.com/okysabeni/openjobs",
                            "vars.security_group_ids": "sg-0fa039b21b3242192,sg-0347257ae122284c7,sg-08d1510494009ab94",
                            "vars.subnet_id": "subnet-0c5a4fe991d3e2ce4"
                        },
                        "meta": {},
                        "tainted": false
                    },
                    "deposed": [],
                    "provider": "provider.template"
                },
                "data.template_file.codebuild_policy": {
                    "type": "template_file",
                    "depends_on": [
                        "aws_s3_bucket.source"
                    ],
                    "primary": {
                        "id": "5dc365dc3fe49dec255937e688f5054d97ef8ab91d04ca3f44d1addc35a64551",
                        "attributes": {
                            "id": "5dc365dc3fe49dec255937e688f5054d97ef8ab91d04ca3f44d1addc35a64551",
                            "rendered": "{\n  \"Version\": \"2012-10-17\",\n  \"Statement\": [\n    {\n      \"Effect\": \"Allow\",\n      \"Resource\": [\"*\"],\n      \"Action\": [\n        \"logs:CreateLogGroup\",\n        \"logs:CreateLogStream\",\n        \"logs:PutLogEvents\",\n        \"ecr:GetAuthorizationToken\",\n        \"ecr:InitiateLayerUpload\",\n        \"ecr:UploadLayerPart\",\n        \"ecr:CompleteLayerUpload\",\n        \"ecr:BatchCheckLayerAvailability\",\n        \"ecr:PutImage\",\n        \"ecs:RunTask\",\n        \"iam:PassRole\"\n      ]\n    },\n    {\n      \"Effect\": \"Allow\",\n      \"Resource\": [\"arn:aws:s3:::openjobs-experiment-source\", \"arn:aws:s3:::openjobs-experiment-source/*\"],\n      \"Action\": [\n        \"s3:GetObject\",\n        \"s3:GetObjectVersion\",\n        \"s3:GetBucketVersioning\",\n        \"s3:List*\",\n        \"s3:PutObject\"\n      ]\n    }\n  ]\n}\n",
                            "template": "{\n  \"Version\": \"2012-10-17\",\n  \"Statement\": [\n    {\n      \"Effect\": \"Allow\",\n      \"Resource\": [\"*\"],\n      \"Action\": [\n        \"logs:CreateLogGroup\",\n        \"logs:CreateLogStream\",\n        \"logs:PutLogEvents\",\n        \"ecr:GetAuthorizationToken\",\n        \"ecr:InitiateLayerUpload\",\n        \"ecr:UploadLayerPart\",\n        \"ecr:CompleteLayerUpload\",\n        \"ecr:BatchCheckLayerAvailability\",\n        \"ecr:PutImage\",\n        \"ecs:RunTask\",\n        \"iam:PassRole\"\n      ]\n    },\n    {\n      \"Effect\": \"Allow\",\n      \"Resource\": [\"${aws_s3_bucket_arn}\", \"${aws_s3_bucket_arn}/*\"],\n      \"Action\": [\n        \"s3:GetObject\",\n        \"s3:GetObjectVersion\",\n        \"s3:GetBucketVersioning\",\n        \"s3:List*\",\n        \"s3:PutObject\"\n      ]\n    }\n  ]\n}\n",
                            "vars.%": "1",
                            "vars.aws_s3_bucket_arn": "arn:aws:s3:::openjobs-experiment-source"
                        },
                        "meta": {},
                        "tainted": false
                    },
                    "deposed": [],
                    "provider": "provider.template"
                },
                "data.template_file.codepipeline_policy": {
                    "type": "template_file",
                    "depends_on": [
                        "aws_s3_bucket.source"
                    ],
                    "primary": {
                        "id": "aafde514c31f43d6aa4b0fdc565c07c510b6123e25893e4f94e0586c21200862",
                        "attributes": {
                            "id": "aafde514c31f43d6aa4b0fdc565c07c510b6123e25893e4f94e0586c21200862",
                            "rendered": "{\n  \"Version\": \"2012-10-17\",\n  \"Statement\": [\n    {\n      \"Effect\": \"Allow\",\n      \"Resource\": [\n        \"arn:aws:s3:::openjobs-experiment-source\",\n        \"arn:aws:s3:::openjobs-experiment-source/*\"\n      ],\n      \"Action\": [\n        \"s3:GetObject\",\n        \"s3:GetObjectVersion\",\n        \"s3:GetBucketVersioning\",\n        \"s3:List*\",\n        \"s3:PutObject\"\n      ]\n    },\n    {\n      \"Effect\": \"Allow\",\n      \"Resource\": \"*\",\n      \"Action\": [\n        \"codebuild:BatchGetBuilds\",\n        \"codebuild:StartBuild\"\n      ]\n    },\n    {\n      \"Effect\": \"Allow\",\n      \"Resource\": \"*\",\n      \"Action\": [\n        \"ecs:*\",\n        \"events:DescribeRule\",\n        \"events:DeleteRule\",\n        \"events:ListRuleNamesByTarget\",\n        \"events:ListTargetsByRule\",\n        \"events:PutRule\",\n        \"events:PutTargets\",\n        \"events:RemoveTargets\",\n        \"iam:ListAttachedRolePolicies\",\n        \"iam:ListInstanceProfiles\",\n        \"iam:ListRoles\",\n        \"logs:CreateLogGroup\",\n        \"logs:DescribeLogGroups\",\n        \"logs:FilterLogEvents\"\n      ]\n    },\n    {\n      \"Effect\": \"Allow\",\n      \"Resource\": [\"*\"],\n      \"Action\": \"iam:PassRole\",\n      \"Condition\": {\n        \"StringLike\": {\n          \"iam:PassedToService\": \"ecs-tasks.amazonaws.com\"\n        }\n      }\n    },\n    {\n      \"Effect\": \"Allow\",\n      \"Resource\": [\n        \"arn:aws:iam::*:role/ecsInstanceRole*\"\n      ],\n      \"Action\": \"iam:PassRole\",\n      \"Condition\": {\n        \"StringLike\": {\n          \"iam:PassedToService\": [\n            \"ec2.amazonaws.com\",\n            \"ec2.amazonaws.com.cn\"\n          ]\n        }\n      }\n    },\n    {\n      \"Effect\": \"Allow\",\n      \"Resource\": [\n        \"arn:aws:iam::*:role/ecsAutoscaleRole*\"\n      ],\n      \"Action\": \"iam:PassRole\",\n      \"Condition\": {\n        \"StringLike\": {\n          \"iam:PassedToService\": [\n            \"application-autoscaling.amazonaws.com\",\n            \"application-autoscaling.amazonaws.com.cn\"\n          ]\n        }\n      }\n    },\n    {\n      \"Effect\": \"Allow\",\n      \"Resource\": \"*\",\n      \"Action\": \"iam:CreateServiceLinkedRole\",\n      \"Condition\": {\n        \"StringLike\": {\n          \"iam:AWSServiceName\": [\n            \"ecs.amazonaws.com\",\n            \"spot.amazonaws.com\",\n            \"spotfleet.amazonaws.com\"\n          ]\n        }\n      }\n    }\n  ]\n}\n",
                            "template": "{\n  \"Version\": \"2012-10-17\",\n  \"Statement\": [\n    {\n      \"Effect\": \"Allow\",\n      \"Resource\": [\n        \"${aws_s3_bucket_arn}\",\n        \"${aws_s3_bucket_arn}/*\"\n      ],\n      \"Action\": [\n        \"s3:GetObject\",\n        \"s3:GetObjectVersion\",\n        \"s3:GetBucketVersioning\",\n        \"s3:List*\",\n        \"s3:PutObject\"\n      ]\n    },\n    {\n      \"Effect\": \"Allow\",\n      \"Resource\": \"*\",\n      \"Action\": [\n        \"codebuild:BatchGetBuilds\",\n        \"codebuild:StartBuild\"\n      ]\n    },\n    {\n      \"Effect\": \"Allow\",\n      \"Resource\": \"*\",\n      \"Action\": [\n        \"ecs:*\",\n        \"events:DescribeRule\",\n        \"events:DeleteRule\",\n        \"events:ListRuleNamesByTarget\",\n        \"events:ListTargetsByRule\",\n        \"events:PutRule\",\n        \"events:PutTargets\",\n        \"events:RemoveTargets\",\n        \"iam:ListAttachedRolePolicies\",\n        \"iam:ListInstanceProfiles\",\n        \"iam:ListRoles\",\n        \"logs:CreateLogGroup\",\n        \"logs:DescribeLogGroups\",\n        \"logs:FilterLogEvents\"\n      ]\n    },\n    {\n      \"Effect\": \"Allow\",\n      \"Resource\": [\"*\"],\n      \"Action\": \"iam:PassRole\",\n      \"Condition\": {\n        \"StringLike\": {\n          \"iam:PassedToService\": \"ecs-tasks.amazonaws.com\"\n        }\n      }\n    },\n    {\n      \"Effect\": \"Allow\",\n      \"Resource\": [\n        \"arn:aws:iam::*:role/ecsInstanceRole*\"\n      ],\n      \"Action\": \"iam:PassRole\",\n      \"Condition\": {\n        \"StringLike\": {\n          \"iam:PassedToService\": [\n            \"ec2.amazonaws.com\",\n            \"ec2.amazonaws.com.cn\"\n          ]\n        }\n      }\n    },\n    {\n      \"Effect\": \"Allow\",\n      \"Resource\": [\n        \"arn:aws:iam::*:role/ecsAutoscaleRole*\"\n      ],\n      \"Action\": \"iam:PassRole\",\n      \"Condition\": {\n        \"StringLike\": {\n          \"iam:PassedToService\": [\n            \"application-autoscaling.amazonaws.com\",\n            \"application-autoscaling.amazonaws.com.cn\"\n          ]\n        }\n      }\n    },\n    {\n      \"Effect\": \"Allow\",\n      \"Resource\": \"*\",\n      \"Action\": \"iam:CreateServiceLinkedRole\",\n      \"Condition\": {\n        \"StringLike\": {\n          \"iam:AWSServiceName\": [\n            \"ecs.amazonaws.com\",\n            \"spot.amazonaws.com\",\n            \"spotfleet.amazonaws.com\"\n          ]\n        }\n      }\n    }\n  ]\n}\n",
                            "vars.%": "1",
                            "vars.aws_s3_bucket_arn": "arn:aws:s3:::openjobs-experiment-source"
                        },
                        "meta": {},
                        "tainted": false
                    },
                    "deposed": [],
                    "provider": "provider.template"
                }
            },
            "depends_on": []
        },
        {
            "path": [
                "root",
                "ecs"
            ],
            "outputs": {
                "alb_dns_name": {
                    "sensitive": false,
                    "type": "string",
                    "value": "production-alb-openjobs-2007007696.us-east-1.elb.amazonaws.com"
                },
                "alb_zone_id": {
                    "sensitive": false,
                    "type": "string",
                    "value": "Z35SXDOTRQ7X7K"
                },
                "cluster_name": {
                    "sensitive": false,
                    "type": "string",
                    "value": "production-ecs-cluster"
                },
                "repository_url": {
                    "sensitive": false,
                    "type": "string",
                    "value": "526031810329.dkr.ecr.us-east-1.amazonaws.com/okysabeni/openjobs"
                },
                "security_group_id": {
                    "sensitive": false,
                    "type": "string",
                    "value": "sg-08d1510494009ab94"
                },
                "service_name": {
                    "sensitive": false,
                    "type": "string",
                    "value": "production-web"
                }
            },
            "resources": {
                "aws_alb.alb_openjobs": {
                    "type": "aws_alb",
                    "depends_on": [
                        "aws_security_group.web_inbound_sg"
                    ],
                    "primary": {
                        "id": "arn:aws:elasticloadbalancing:us-east-1:526031810329:loadbalancer/app/production-alb-openjobs/b78c7c64aec2a840",
                        "attributes": {
                            "access_logs.#": "0",
                            "arn": "arn:aws:elasticloadbalancing:us-east-1:526031810329:loadbalancer/app/production-alb-openjobs/b78c7c64aec2a840",
                            "arn_suffix": "app/production-alb-openjobs/b78c7c64aec2a840",
                            "dns_name": "production-alb-openjobs-2007007696.us-east-1.elb.amazonaws.com",
                            "enable_deletion_protection": "false",
                            "enable_http2": "true",
                            "id": "arn:aws:elasticloadbalancing:us-east-1:526031810329:loadbalancer/app/production-alb-openjobs/b78c7c64aec2a840",
                            "idle_timeout": "60",
                            "internal": "false",
                            "ip_address_type": "ipv4",
                            "load_balancer_type": "application",
                            "name": "production-alb-openjobs",
                            "security_groups.#": "3",
                            "security_groups.1333058936": "sg-0347257ae122284c7",
                            "security_groups.580491727": "sg-0fa039b21b3242192",
                            "security_groups.84952987": "sg-01a7709f340d98e7e",
                            "subnet_mapping.#": "0",
                            "subnets.#": "2",
                            "subnets.4053092798": "subnet-033b6ba78e8b499ab",
                            "subnets.973438203": "subnet-07b83d96cf5bded4f",
                            "tags.%": "2",
                            "tags.Environment": "production",
                            "tags.Name": "production-alb-openjobs",
                            "vpc_id": "vpc-07ab7b7d1aead8cb3",
                            "zone_id": "Z35SXDOTRQ7X7K"
                        },
                        "meta": {
                            "e2bfb730-ecaa-11e6-8f88-34363bc7c4c0": {
                                "create": 600000000000,
                                "delete": 600000000000,
                                "update": 600000000000
                            }
                        },
                        "tainted": false
                    },
                    "deposed": [],
                    "provider": "provider.aws"
                },
                "aws_alb_listener.openjobs": {
                    "type": "aws_alb_listener",
                    "depends_on": [
                        "aws_alb.alb_openjobs",
                        "aws_alb_target_group.alb_target_group"
                    ],
                    "primary": {
                        "id": "arn:aws:elasticloadbalancing:us-east-1:526031810329:listener/app/production-alb-openjobs/b78c7c64aec2a840/e8d5df61f8738110",
                        "attributes": {
                            "arn": "arn:aws:elasticloadbalancing:us-east-1:526031810329:listener/app/production-alb-openjobs/b78c7c64aec2a840/e8d5df61f8738110",
                            "default_action.#": "1",
                            "default_action.0.fixed_response.#": "0",
                            "default_action.0.redirect.#": "0",
                            "default_action.0.target_group_arn": "arn:aws:elasticloadbalancing:us-east-1:526031810329:targetgroup/production-alb-target-group-7176/6240282d1de22fec",
                            "default_action.0.type": "forward",
                            "id": "arn:aws:elasticloadbalancing:us-east-1:526031810329:listener/app/production-alb-openjobs/b78c7c64aec2a840/e8d5df61f8738110",
                            "load_balancer_arn": "arn:aws:elasticloadbalancing:us-east-1:526031810329:loadbalancer/app/production-alb-openjobs/b78c7c64aec2a840",
                            "port": "80",
                            "protocol": "HTTP",
                            "ssl_policy": ""
                        },
                        "meta": {},
                        "tainted": false
                    },
                    "deposed": [],
                    "provider": "provider.aws"
                },
                "aws_alb_target_group.alb_target_group": {
                    "type": "aws_alb_target_group",
                    "depends_on": [
                        "random_id.target_group_suffix"
                    ],
                    "primary": {
                        "id": "arn:aws:elasticloadbalancing:us-east-1:526031810329:targetgroup/production-alb-target-group-7176/6240282d1de22fec",
                        "attributes": {
                            "arn": "arn:aws:elasticloadbalancing:us-east-1:526031810329:targetgroup/production-alb-target-group-7176/6240282d1de22fec",
                            "arn_suffix": "targetgroup/production-alb-target-group-7176/6240282d1de22fec",
                            "deregistration_delay": "300",
                            "health_check.#": "1",
                            "health_check.0.healthy_threshold": "5",
                            "health_check.0.interval": "30",
                            "health_check.0.matcher": "200",
                            "health_check.0.path": "/",
                            "health_check.0.port": "traffic-port",
                            "health_check.0.protocol": "HTTP",
                            "health_check.0.timeout": "5",
                            "health_check.0.unhealthy_threshold": "2",
                            "id": "arn:aws:elasticloadbalancing:us-east-1:526031810329:targetgroup/production-alb-target-group-7176/6240282d1de22fec",
                            "name": "production-alb-target-group-7176",
                            "port": "80",
                            "protocol": "HTTP",
                            "proxy_protocol_v2": "false",
                            "slow_start": "0",
                            "stickiness.#": "1",
                            "stickiness.0.cookie_duration": "86400",
                            "stickiness.0.enabled": "false",
                            "stickiness.0.type": "lb_cookie",
                            "tags.%": "0",
                            "target_type": "ip",
                            "vpc_id": "vpc-07ab7b7d1aead8cb3"
                        },
                        "meta": {},
                        "tainted": false
                    },
                    "deposed": [],
                    "provider": "provider.aws"
                },
                "aws_cloudwatch_log_group.openjobs": {
                    "type": "aws_cloudwatch_log_group",
                    "depends_on": [],
                    "primary": {
                        "id": "openjobs",
                        "attributes": {
                            "arn": "arn:aws:logs:us-east-1:526031810329:log-group:openjobs:*",
                            "id": "openjobs",
                            "kms_key_id": "",
                            "name": "openjobs",
                            "retention_in_days": "0",
                            "tags.%": "2",
                            "tags.Application": "Openjobs",
                            "tags.Environment": "production"
                        },
                        "meta": {},
                        "tainted": false
                    },
                    "deposed": [],
                    "provider": "provider.aws"
                },
                "aws_ecr_repository.openjobs_app": {
                    "type": "aws_ecr_repository",
                    "depends_on": [],
                    "primary": {
                        "id": "okysabeni/openjobs",
                        "attributes": {
                            "arn": "arn:aws:ecr:us-east-1:526031810329:repository/okysabeni/openjobs",
                            "id": "okysabeni/openjobs",
                            "name": "okysabeni/openjobs",
                            "registry_id": "526031810329",
                            "repository_url": "526031810329.dkr.ecr.us-east-1.amazonaws.com/okysabeni/openjobs"
                        },
                        "meta": {},
                        "tainted": false
                    },
                    "deposed": [],
                    "provider": "provider.aws"
                },
                "aws_ecs_cluster.cluster": {
                    "type": "aws_ecs_cluster",
                    "depends_on": [],
                    "primary": {
                        "id": "arn:aws:ecs:us-east-1:526031810329:cluster/production-ecs-cluster",
                        "attributes": {
                            "arn": "arn:aws:ecs:us-east-1:526031810329:cluster/production-ecs-cluster",
                            "id": "arn:aws:ecs:us-east-1:526031810329:cluster/production-ecs-cluster",
                            "name": "production-ecs-cluster"
                        },
                        "meta": {},
                        "tainted": false
                    },
                    "deposed": [],
                    "provider": "provider.aws"
                },
                "aws_ecs_service.web": {
                    "type": "aws_ecs_service",
                    "depends_on": [
                        "aws_alb_target_group.alb_target_group",
                        "aws_ecs_cluster.cluster",
                        "aws_ecs_task_definition.web",
                        "aws_iam_role_policy.ecs_service_role_policy",
                        "aws_security_group.ecs_service",
                        "data.aws_ecs_task_definition.web"
                    ],
                    "primary": {
                        "id": "arn:aws:ecs:us-east-1:526031810329:service/production-web",
                        "attributes": {
                            "cluster": "arn:aws:ecs:us-east-1:526031810329:cluster/production-ecs-cluster",
                            "deployment_maximum_percent": "200",
                            "deployment_minimum_healthy_percent": "100",
                            "desired_count": "2",
                            "health_check_grace_period_seconds": "0",
                            "iam_role": "aws-service-role",
                            "id": "arn:aws:ecs:us-east-1:526031810329:service/production-web",
                            "launch_type": "FARGATE",
                            "load_balancer.#": "1",
                            "load_balancer.2124751121.container_name": "web",
                            "load_balancer.2124751121.container_port": "80",
                            "load_balancer.2124751121.elb_name": "",
                            "load_balancer.2124751121.target_group_arn": "arn:aws:elasticloadbalancing:us-east-1:526031810329:targetgroup/production-alb-target-group-7176/6240282d1de22fec",
                            "name": "production-web",
                            "network_configuration.#": "1",
                            "network_configuration.0.assign_public_ip": "false",
                            "network_configuration.0.security_groups.#": "3",
                            "network_configuration.0.security_groups.1333058936": "sg-0347257ae122284c7",
                            "network_configuration.0.security_groups.502265746": "sg-08d1510494009ab94",
                            "network_configuration.0.security_groups.580491727": "sg-0fa039b21b3242192",
                            "network_configuration.0.subnets.#": "2",
                            "network_configuration.0.subnets.2021354342": "subnet-075ac249c33789f0b",
                            "network_configuration.0.subnets.445708225": "subnet-0c5a4fe991d3e2ce4",
                            "ordered_placement_strategy.#": "0",
                            "placement_constraints.#": "0",
                            "scheduling_strategy": "REPLICA",
                            "service_registries.#": "0",
                            "task_definition": "production_web:1"
                        },
                        "meta": {},
                        "tainted": false
                    },
                    "deposed": [],
                    "provider": "provider.aws"
                },
                "aws_ecs_task_definition.web": {
                    "type": "aws_ecs_task_definition",
                    "depends_on": [
                        "aws_iam_role.ecs_execution_role",
                        "data.template_file.web_task"
                    ],
                    "primary": {
                        "id": "production_web",
                        "attributes": {
                            "arn": "arn:aws:ecs:us-east-1:526031810329:task-definition/production_web:1",
                            "container_definitions": "[{\"cpu\":0,\"environment\":[{\"name\":\"RAILS_LOG_TO_STDOUT\",\"value\":\"true\"},{\"name\":\"RAILS_ENV\",\"value\":\"production\"},{\"name\":\"RAILS_SERVE_STATIC_FILES\",\"value\":\"true\"},{\"name\":\"DATABASE_URL\",\"value\":\"postgres://openjobs:myawesomepasswordproduction@production-database.chbiyplvdzss.us-east-1.rds.amazonaws.com:5432/openjobs_production?encoding=utf8\u0026pool=40\"},{\"name\":\"PORT\",\"value\":\"80\"},{\"name\":\"SECRET_KEY_BASE\",\"value\":\"d73a49a6d88a9fed22a87d16c6b4a78957148dc754236724bf5bbeb082215953d412aa180778ea8cf3bcb032f1d89a275c70ae7b3708a8186e2dd7a001f5a2ab\"}],\"essential\":true,\"image\":\"526031810329.dkr.ecr.us-east-1.amazonaws.com/okysabeni/openjobs\",\"logConfiguration\":{\"logDriver\":\"awslogs\",\"options\":{\"awslogs-group\":\"openjobs\",\"awslogs-region\":\"us-east-1\",\"awslogs-stream-prefix\":\"web\"}},\"memory\":300,\"mountPoints\":[],\"name\":\"web\",\"portMappings\":[{\"containerPort\":80,\"hostPort\":80,\"protocol\":\"tcp\"}],\"volumesFrom\":[]}]",
                            "cpu": "256",
                            "execution_role_arn": "arn:aws:iam::526031810329:role/ecs_task_execution_role",
                            "family": "production_web",
                            "id": "production_web",
                            "memory": "512",
                            "network_mode": "awsvpc",
                            "placement_constraints.#": "0",
                            "requires_compatibilities.#": "1",
                            "requires_compatibilities.3072437307": "FARGATE",
                            "revision": "1",
                            "task_role_arn": "arn:aws:iam::526031810329:role/ecs_task_execution_role",
                            "volume.#": "0"
                        },
                        "meta": {
                            "schema_version": "1"
                        },
                        "tainted": false
                    },
                    "deposed": [],
                    "provider": "provider.aws"
                },
                "aws_iam_role.ecs_autoscale_role": {
                    "type": "aws_iam_role",
                    "depends_on": [],
                    "primary": {
                        "id": "production_ecs_autoscale_role",
                        "attributes": {
                            "arn": "arn:aws:iam::526031810329:role/production_ecs_autoscale_role",
                            "assume_role_policy": "{\"Version\":\"2012-10-17\",\"Statement\":[{\"Effect\":\"Allow\",\"Principal\":{\"Service\":\"application-autoscaling.amazonaws.com\"},\"Action\":\"sts:AssumeRole\"}]}",
                            "create_date": "2018-09-06T13:11:06Z",
                            "description": "",
                            "force_detach_policies": "false",
                            "id": "production_ecs_autoscale_role",
                            "max_session_duration": "3600",
                            "name": "production_ecs_autoscale_role",
                            "path": "/",
                            "unique_id": "AROAJJPMWZCII7X3LC5QA"
                        },
                        "meta": {},
                        "tainted": false
                    },
                    "deposed": [],
                    "provider": "provider.aws"
                },
                "aws_iam_role.ecs_execution_role": {
                    "type": "aws_iam_role",
                    "depends_on": [],
                    "primary": {
                        "id": "ecs_task_execution_role",
                        "attributes": {
                            "arn": "arn:aws:iam::526031810329:role/ecs_task_execution_role",
                            "assume_role_policy": "{\"Version\":\"2012-10-17\",\"Statement\":[{\"Sid\":\"\",\"Effect\":\"Allow\",\"Principal\":{\"Service\":\"ecs-tasks.amazonaws.com\"},\"Action\":\"sts:AssumeRole\"}]}",
                            "create_date": "2018-09-06T13:11:06Z",
                            "description": "",
                            "force_detach_policies": "false",
                            "id": "ecs_task_execution_role",
                            "max_session_duration": "3600",
                            "name": "ecs_task_execution_role",
                            "path": "/",
                            "unique_id": "AROAIHHKSZYVGXHUEPQBQ"
                        },
                        "meta": {},
                        "tainted": false
                    },
                    "deposed": [],
                    "provider": "provider.aws"
                },
                "aws_iam_role.ecs_role": {
                    "type": "aws_iam_role",
                    "depends_on": [
                        "data.aws_iam_policy_document.ecs_service_role"
                    ],
                    "primary": {
                        "id": "ecs_role",
                        "attributes": {
                            "arn": "arn:aws:iam::526031810329:role/ecs_role",
                            "assume_role_policy": "{\"Version\":\"2012-10-17\",\"Statement\":[{\"Sid\":\"\",\"Effect\":\"Allow\",\"Principal\":{\"Service\":\"ecs.amazonaws.com\"},\"Action\":\"sts:AssumeRole\"}]}",
                            "create_date": "2018-09-06T13:11:05Z",
                            "description": "",
                            "force_detach_policies": "false",
                            "id": "ecs_role",
                            "max_session_duration": "3600",
                            "name": "ecs_role",
                            "path": "/",
                            "unique_id": "AROAI3ISOKFEPC5XSFKU6"
                        },
                        "meta": {},
                        "tainted": false
                    },
                    "deposed": [],
                    "provider": "provider.aws"
                },
                "aws_iam_role_policy.ecs_autoscale_role_policy": {
                    "type": "aws_iam_role_policy",
                    "depends_on": [
                        "aws_iam_role.ecs_autoscale_role"
                    ],
                    "primary": {
                        "id": "production_ecs_autoscale_role:ecs_autoscale_role_policy",
                        "attributes": {
                            "id": "production_ecs_autoscale_role:ecs_autoscale_role_policy",
                            "name": "ecs_autoscale_role_policy",
                            "policy": "{\n  \"Version\": \"2012-10-17\",\n  \"Statement\": [\n    {\n      \"Effect\": \"Allow\",\n      \"Action\": [\n        \"ecs:DescribeServices\",\n        \"ecs:UpdateService\"\n      ],\n      \"Resource\": [\n        \"*\"\n      ]\n    },\n    {\n      \"Effect\": \"Allow\",\n      \"Action\": [\n        \"cloudwatch:DescribeAlarms\"\n      ],\n      \"Resource\": [\n        \"*\"\n      ]\n    }\n  ]\n}\n",
                            "role": "production_ecs_autoscale_role"
                        },
                        "meta": {},
                        "tainted": false
                    },
                    "deposed": [],
                    "provider": "provider.aws"
                },
                "aws_iam_role_policy.ecs_execution_role_policy": {
                    "type": "aws_iam_role_policy",
                    "depends_on": [
                        "aws_iam_role.ecs_execution_role"
                    ],
                    "primary": {
                        "id": "ecs_task_execution_role:ecs_execution_role_policy",
                        "attributes": {
                            "id": "ecs_task_execution_role:ecs_execution_role_policy",
                            "name": "ecs_execution_role_policy",
                            "policy": "{\n  \"Version\": \"2012-10-17\",\n  \"Statement\": [\n    {\n      \"Effect\": \"Allow\",\n      \"Action\": [\n        \"ecr:GetAuthorizationToken\",\n        \"ecr:BatchCheckLayerAvailability\",\n        \"ecr:GetDownloadUrlForLayer\",\n        \"ecr:BatchGetImage\",\n        \"logs:CreateLogStream\",\n        \"logs:PutLogEvents\"\n      ],\n      \"Resource\": \"*\"\n    }\n  ]\n}\n",
                            "role": "ecs_task_execution_role"
                        },
                        "meta": {},
                        "tainted": false
                    },
                    "deposed": [],
                    "provider": "provider.aws"
                },
                "aws_iam_role_policy.ecs_service_role_policy": {
                    "type": "aws_iam_role_policy",
                    "depends_on": [
                        "aws_iam_role.ecs_role",
                        "data.aws_iam_policy_document.ecs_service_policy"
                    ],
                    "primary": {
                        "id": "ecs_role:ecs_service_role_policy",
                        "attributes": {
                            "id": "ecs_role:ecs_service_role_policy",
                            "name": "ecs_service_role_policy",
                            "policy": "{\n  \"Version\": \"2012-10-17\",\n  \"Statement\": [\n    {\n      \"Sid\": \"\",\n      \"Effect\": \"Allow\",\n      \"Action\": [\n        \"elasticloadbalancing:RegisterInstancesWithLoadBalancer\",\n        \"elasticloadbalancing:Describe*\",\n        \"elasticloadbalancing:DeregisterInstancesFromLoadBalancer\",\n        \"ec2:Describe*\",\n        \"ec2:AuthorizeSecurityGroupIngress\"\n      ],\n      \"Resource\": \"*\"\n    }\n  ]\n}",
                            "role": "ecs_role"
                        },
                        "meta": {},
                        "tainted": false
                    },
                    "deposed": [],
                    "provider": "provider.aws"
                },
                "aws_security_group.ecs_service": {
                    "type": "aws_security_group",
                    "depends_on": [],
                    "primary": {
                        "id": "sg-08d1510494009ab94",
                        "attributes": {
                            "arn": "arn:aws:ec2:us-east-1:526031810329:security-group/sg-08d1510494009ab94",
                            "description": "Allow egress from container",
                            "egress.#": "1",
                            "egress.482069346.cidr_blocks.#": "1",
                            "egress.482069346.cidr_blocks.0": "0.0.0.0/0",
                            "egress.482069346.description": "",
                            "egress.482069346.from_port": "0",
                            "egress.482069346.ipv6_cidr_blocks.#": "0",
                            "egress.482069346.prefix_list_ids.#": "0",
                            "egress.482069346.protocol": "-1",
                            "egress.482069346.security_groups.#": "0",
                            "egress.482069346.self": "false",
                            "egress.482069346.to_port": "0",
                            "id": "sg-08d1510494009ab94",
                            "ingress.#": "1",
                            "ingress.3068409405.cidr_blocks.#": "1",
                            "ingress.3068409405.cidr_blocks.0": "0.0.0.0/0",
                            "ingress.3068409405.description": "",
                            "ingress.3068409405.from_port": "8",
                            "ingress.3068409405.ipv6_cidr_blocks.#": "0",
                            "ingress.3068409405.protocol": "icmp",
                            "ingress.3068409405.security_groups.#": "0",
                            "ingress.3068409405.self": "false",
                            "ingress.3068409405.to_port": "0",
                            "name": "production-ecs-service-sg",
                            "owner_id": "526031810329",
                            "revoke_rules_on_delete": "false",
                            "tags.%": "2",
                            "tags.Environment": "production",
                            "tags.Name": "production-ecs-service-sg",
                            "vpc_id": "vpc-07ab7b7d1aead8cb3"
                        },
                        "meta": {
                            "e2bfb730-ecaa-11e6-8f88-34363bc7c4c0": {
                                "create": 600000000000,
                                "delete": 600000000000
                            },
                            "schema_version": "1"
                        },
                        "tainted": false
                    },
                    "deposed": [],
                    "provider": "provider.aws"
                },
                "aws_security_group.web_inbound_sg": {
                    "type": "aws_security_group",
                    "depends_on": [],
                    "primary": {
                        "id": "sg-01a7709f340d98e7e",
                        "attributes": {
                            "arn": "arn:aws:ec2:us-east-1:526031810329:security-group/sg-01a7709f340d98e7e",
                            "description": "Allow HTTP from anywhere into alb",
                            "egress.#": "1",
                            "egress.482069346.cidr_blocks.#": "1",
                            "egress.482069346.cidr_blocks.0": "0.0.0.0/0",
                            "egress.482069346.description": "",
                            "egress.482069346.from_port": "0",
                            "egress.482069346.ipv6_cidr_blocks.#": "0",
                            "egress.482069346.prefix_list_ids.#": "0",
                            "egress.482069346.protocol": "-1",
                            "egress.482069346.security_groups.#": "0",
                            "egress.482069346.self": "false",
                            "egress.482069346.to_port": "0",
                            "id": "sg-01a7709f340d98e7e",
                            "ingress.#": "2",
                            "ingress.2214680975.cidr_blocks.#": "1",
                            "ingress.2214680975.cidr_blocks.0": "0.0.0.0/0",
                            "ingress.2214680975.description": "",
                            "ingress.2214680975.from_port": "80",
                            "ingress.2214680975.ipv6_cidr_blocks.#": "0",
                            "ingress.2214680975.protocol": "tcp",
                            "ingress.2214680975.security_groups.#": "0",
                            "ingress.2214680975.self": "false",
                            "ingress.2214680975.to_port": "80",
                            "ingress.3516978019.cidr_blocks.#": "1",
                            "ingress.3516978019.cidr_blocks.0": "0.0.0.0/0",
                            "ingress.3516978019.description": "",
                            "ingress.3516978019.from_port": "80",
                            "ingress.3516978019.ipv6_cidr_blocks.#": "0",
                            "ingress.3516978019.protocol": "icmp",
                            "ingress.3516978019.security_groups.#": "0",
                            "ingress.3516978019.self": "false",
                            "ingress.3516978019.to_port": "80",
                            "name": "production-web-inbound-sg",
                            "owner_id": "526031810329",
                            "revoke_rules_on_delete": "false",
                            "tags.%": "1",
                            "tags.Name": "production-web-inbound-sg",
                            "vpc_id": "vpc-07ab7b7d1aead8cb3"
                        },
                        "meta": {
                            "e2bfb730-ecaa-11e6-8f88-34363bc7c4c0": {
                                "create": 600000000000,
                                "delete": 600000000000
                            },
                            "schema_version": "1"
                        },
                        "tainted": false
                    },
                    "deposed": [],
                    "provider": "provider.aws"
                },
                "data.aws_ecs_task_definition.web": {
                    "type": "aws_ecs_task_definition",
                    "depends_on": [
                        "aws_ecs_task_definition.web"
                    ],
                    "primary": {
                        "id": "arn:aws:ecs:us-east-1:526031810329:task-definition/production_web:1",
                        "attributes": {
                            "family": "production_web",
                            "id": "arn:aws:ecs:us-east-1:526031810329:task-definition/production_web:1",
                            "network_mode": "awsvpc",
                            "revision": "1",
                            "status": "ACTIVE",
                            "task_definition": "production_web",
                            "task_role_arn": "arn:aws:iam::526031810329:role/ecs_task_execution_role"
                        },
                        "meta": {},
                        "tainted": false
                    },
                    "deposed": [],
                    "provider": "provider.aws"
                },
                "data.aws_iam_policy_document.ecs_service_policy": {
                    "type": "aws_iam_policy_document",
                    "depends_on": [],
                    "primary": {
                        "id": "3615693260",
                        "attributes": {
                            "id": "3615693260",
                            "json": "{\n  \"Version\": \"2012-10-17\",\n  \"Statement\": [\n    {\n      \"Sid\": \"\",\n      \"Effect\": \"Allow\",\n      \"Action\": [\n        \"elasticloadbalancing:RegisterInstancesWithLoadBalancer\",\n        \"elasticloadbalancing:Describe*\",\n        \"elasticloadbalancing:DeregisterInstancesFromLoadBalancer\",\n        \"ec2:Describe*\",\n        \"ec2:AuthorizeSecurityGroupIngress\"\n      ],\n      \"Resource\": \"*\"\n    }\n  ]\n}",
                            "statement.#": "1",
                            "statement.0.actions.#": "5",
                            "statement.0.actions.2459212947": "ec2:Describe*",
                            "statement.0.actions.2464853358": "ec2:AuthorizeSecurityGroupIngress",
                            "statement.0.actions.2706807274": "elasticloadbalancing:DeregisterInstancesFromLoadBalancer",
                            "statement.0.actions.2747799858": "elasticloadbalancing:Describe*",
                            "statement.0.actions.982461153": "elasticloadbalancing:RegisterInstancesWithLoadBalancer",
                            "statement.0.condition.#": "0",
                            "statement.0.effect": "Allow",
                            "statement.0.not_actions.#": "0",
                            "statement.0.not_principals.#": "0",
                            "statement.0.not_resources.#": "0",
                            "statement.0.principals.#": "0",
                            "statement.0.resources.#": "1",
                            "statement.0.resources.2679715827": "*",
                            "statement.0.sid": ""
                        },
                        "meta": {},
                        "tainted": false
                    },
                    "deposed": [],
                    "provider": "provider.aws"
                },
                "data.aws_iam_policy_document.ecs_service_role": {
                    "type": "aws_iam_policy_document",
                    "depends_on": [],
                    "primary": {
                        "id": "3622649364",
                        "attributes": {
                            "id": "3622649364",
                            "json": "{\n  \"Version\": \"2012-10-17\",\n  \"Statement\": [\n    {\n      \"Sid\": \"\",\n      \"Effect\": \"Allow\",\n      \"Action\": \"sts:AssumeRole\",\n      \"Principal\": {\n        \"Service\": \"ecs.amazonaws.com\"\n      }\n    }\n  ]\n}",
                            "statement.#": "1",
                            "statement.0.actions.#": "1",
                            "statement.0.actions.2528466339": "sts:AssumeRole",
                            "statement.0.condition.#": "0",
                            "statement.0.effect": "Allow",
                            "statement.0.not_actions.#": "0",
                            "statement.0.not_principals.#": "0",
                            "statement.0.not_resources.#": "0",
                            "statement.0.principals.#": "1",
                            "statement.0.principals.1113412664.identifiers.#": "1",
                            "statement.0.principals.1113412664.identifiers.1509832800": "ecs.amazonaws.com",
                            "statement.0.principals.1113412664.type": "Service",
                            "statement.0.resources.#": "0",
                            "statement.0.sid": ""
                        },
                        "meta": {},
                        "tainted": false
                    },
                    "deposed": [],
                    "provider": "provider.aws"
                },
                "data.template_file.db_migrate_task": {
                    "type": "template_file",
                    "depends_on": [
                        "aws_ecr_repository.openjobs_app"
                    ],
                    "primary": {
                        "id": "6d5b773ab428db201645b81292615deec6963d982ba425e130bd754c74362c3a",
                        "attributes": {
                            "id": "6d5b773ab428db201645b81292615deec6963d982ba425e130bd754c74362c3a",
                            "rendered": "[\n  {\n    \"name\": \"db-migrate\",\n    \"image\": \"526031810329.dkr.ecr.us-east-1.amazonaws.com/okysabeni/openjobs\",\n    \"command\": [\"bundle\", \"exec\", \"rake\", \"db:migrate\"],\n    \"memory\": 300,\n    \"logConfiguration\": {\n      \"logDriver\": \"awslogs\",\n      \"options\": {\n        \"awslogs-group\": \"openjobs\",\n        \"aswslogs-region\": \"us-east-1\",\n        \"awslogs-stream-prefix\": \"db_migrate\"\n      }\n    },\n    \"environment\": [\n      {\n        \"name\": \"RAILS_ENV\",\n        \"value\": \"production\"\n      },\n      {\n        \"name\": \"DATABASE_URL\",\n        \"value\": \"postgres://openjobs:myawesomepasswordproduction@production-database.chbiyplvdzss.us-east-1.rds.amazonaws.com:5432/openjobs_production?encoding=utf8\u0026pool=40\"\n      },\n      {\n        \"name\": \"SECRET_KEY_BASE\",\n        \"value\": \"d73a49a6d88a9fed22a87d16c6b4a78957148dc754236724bf5bbeb082215953d412aa180778ea8cf3bcb032f1d89a275c70ae7b3708a8186e2dd7a001f5a2ab\"\n      },\n      {\n        \"name\": \"RAILS_LOG_TO_STDOUT\",\n        \"value\": true\n      }\n    ]\n  }\n]\n",
                            "template": "[\n  {\n    \"name\": \"db-migrate\",\n    \"image\": \"${image}\",\n    \"command\": [\"bundle\", \"exec\", \"rake\", \"db:migrate\"],\n    \"memory\": 300,\n    \"logConfiguration\": {\n      \"logDriver\": \"awslogs\",\n      \"options\": {\n        \"awslogs-group\": \"${log_group}\",\n        \"aswslogs-region\": \"us-east-1\",\n        \"awslogs-stream-prefix\": \"db_migrate\"\n      }\n    },\n    \"environment\": [\n      {\n        \"name\": \"RAILS_ENV\",\n        \"value\": \"production\"\n      },\n      {\n        \"name\": \"DATABASE_URL\",\n        \"value\": \"${database_url}\"\n      },\n      {\n        \"name\": \"SECRET_KEY_BASE\",\n        \"value\": \"${secret_key_base}\"\n      },\n      {\n        \"name\": \"RAILS_LOG_TO_STDOUT\",\n        \"value\": true\n      }\n    ]\n  }\n]\n",
                            "vars.%": "4",
                            "vars.database_url": "postgres://openjobs:myawesomepasswordproduction@production-database.chbiyplvdzss.us-east-1.rds.amazonaws.com:5432/openjobs_production?encoding=utf8\u0026pool=40",
                            "vars.image": "526031810329.dkr.ecr.us-east-1.amazonaws.com/okysabeni/openjobs",
                            "vars.log_group": "openjobs",
                            "vars.secret_key_base": "d73a49a6d88a9fed22a87d16c6b4a78957148dc754236724bf5bbeb082215953d412aa180778ea8cf3bcb032f1d89a275c70ae7b3708a8186e2dd7a001f5a2ab"
                        },
                        "meta": {},
                        "tainted": false
                    },
                    "deposed": [],
                    "provider": "provider.template"
                },
                "data.template_file.web_task": {
                    "type": "template_file",
                    "depends_on": [
                        "aws_cloudwatch_log_group.openjobs",
                        "aws_ecr_repository.openjobs_app"
                    ],
                    "primary": {
                        "id": "361ff6fe7d07f32481105e52a1f9977a8fbf26e3eb2130ffa5c2f9e66a6d251a",
                        "attributes": {
                            "id": "361ff6fe7d07f32481105e52a1f9977a8fbf26e3eb2130ffa5c2f9e66a6d251a",
                            "rendered": "[\n  {\n    \"name\": \"web\",\n    \"image\": \"526031810329.dkr.ecr.us-east-1.amazonaws.com/okysabeni/openjobs\",\n    \"portMappings\": [\n      {\n        \"containerPort\": 80,\n        \"hostPort\": 80\n      }\n    ],\n    \"memory\": 300,\n    \"networkMode\": \"awsvpc\",\n    \"logConfiguration\": {\n      \"logDriver\": \"awslogs\",\n      \"options\": {\n        \"awslogs-group\": \"openjobs\",\n        \"awslogs-region\": \"us-east-1\",\n        \"awslogs-stream-prefix\": \"web\"\n      }\n    },\n    \"environment\": [\n      {\n        \"name\": \"RAILS_ENV\",\n        \"value\": \"production\"\n      },\n      {\n        \"name\": \"DATABASE_URL\",\n        \"value\": \"postgres://openjobs:myawesomepasswordproduction@production-database.chbiyplvdzss.us-east-1.rds.amazonaws.com:5432/openjobs_production?encoding=utf8\u0026pool=40\"\n      },\n      {\n        \"name\": \"SECRET_KEY_BASE\",\n        \"value\": \"d73a49a6d88a9fed22a87d16c6b4a78957148dc754236724bf5bbeb082215953d412aa180778ea8cf3bcb032f1d89a275c70ae7b3708a8186e2dd7a001f5a2ab\"\n      },\n      {\n        \"name\": \"PORT\",\n        \"value\": \"80\"\n      },\n      {\n        \"name\": \"RAILS_LOG_TO_STDOUT\",\n        \"value\": \"true\"\n      },\n      {\n        \"name\": \"RAILS_SERVE_STATIC_FILES\",\n        \"value\": \"true\"\n      }\n    ]\n  }\n]\n",
                            "template": "[\n  {\n    \"name\": \"web\",\n    \"image\": \"${image}\",\n    \"portMappings\": [\n      {\n        \"containerPort\": 80,\n        \"hostPort\": 80\n      }\n    ],\n    \"memory\": 300,\n    \"networkMode\": \"awsvpc\",\n    \"logConfiguration\": {\n      \"logDriver\": \"awslogs\",\n      \"options\": {\n        \"awslogs-group\": \"${log_group}\",\n        \"awslogs-region\": \"us-east-1\",\n        \"awslogs-stream-prefix\": \"web\"\n      }\n    },\n    \"environment\": [\n      {\n        \"name\": \"RAILS_ENV\",\n        \"value\": \"production\"\n      },\n      {\n        \"name\": \"DATABASE_URL\",\n        \"value\": \"${database_url}\"\n      },\n      {\n        \"name\": \"SECRET_KEY_BASE\",\n        \"value\": \"${secret_key_base}\"\n      },\n      {\n        \"name\": \"PORT\",\n        \"value\": \"80\"\n      },\n      {\n        \"name\": \"RAILS_LOG_TO_STDOUT\",\n        \"value\": \"true\"\n      },\n      {\n        \"name\": \"RAILS_SERVE_STATIC_FILES\",\n        \"value\": \"true\"\n      }\n    ]\n  }\n]\n",
                            "vars.%": "4",
                            "vars.database_url": "postgres://openjobs:myawesomepasswordproduction@production-database.chbiyplvdzss.us-east-1.rds.amazonaws.com:5432/openjobs_production?encoding=utf8\u0026pool=40",
                            "vars.image": "526031810329.dkr.ecr.us-east-1.amazonaws.com/okysabeni/openjobs",
                            "vars.log_group": "openjobs",
                            "vars.secret_key_base": "d73a49a6d88a9fed22a87d16c6b4a78957148dc754236724bf5bbeb082215953d412aa180778ea8cf3bcb032f1d89a275c70ae7b3708a8186e2dd7a001f5a2ab"
                        },
                        "meta": {},
                        "tainted": false
                    },
                    "deposed": [],
                    "provider": "provider.template"
                },
                "random_id.target_group_suffix": {
                    "type": "random_id",
                    "depends_on": [],
                    "primary": {
                        "id": "cXY",
                        "attributes": {
                            "b64": "cXY",
                            "b64_std": "cXY=",
                            "b64_url": "cXY",
                            "byte_length": "2",
                            "dec": "29046",
                            "hex": "7176",
                            "id": "cXY"
                        },
                        "meta": {},
                        "tainted": false
                    },
                    "deposed": [],
                    "provider": "provider.random"
                }
            },
            "depends_on": []
        },
        {
            "path": [
                "root",
                "networking"
            ],
            "outputs": {
                "default_sg_id": {
                    "sensitive": false,
                    "type": "string",
                    "value": "sg-0fa039b21b3242192"
                },
                "private_subnet_ids": {
                    "sensitive": false,
                    "type": "list",
                    "value": [
                        "subnet-0c5a4fe991d3e2ce4",
                        "subnet-075ac249c33789f0b"
                    ]
                },
                "public_subnet_ids": {
                    "sensitive": false,
                    "type": "list",
                    "value": [
                        "subnet-07b83d96cf5bded4f",
                        "subnet-033b6ba78e8b499ab"
                    ]
                },
                "security_group_ids": {
                    "sensitive": false,
                    "type": "list",
                    "value": [
                        "sg-0fa039b21b3242192"
                    ]
                },
                "vpc_id": {
                    "sensitive": false,
                    "type": "string",
                    "value": "vpc-07ab7b7d1aead8cb3"
                }
            },
            "resources": {
                "aws_eip.nat_eip": {
                    "type": "aws_eip",
                    "depends_on": [
                        "aws_internet_gateway.ig"
                    ],
                    "primary": {
                        "id": "eipalloc-085588ed15817d798",
                        "attributes": {
                            "association_id": "eipassoc-7291cbca",
                            "domain": "vpc",
                            "id": "eipalloc-085588ed15817d798",
                            "instance": "",
                            "network_interface": "eni-009a5c923c63fd3ed",
                            "private_ip": "10.0.1.129",
                            "public_ip": "18.214.212.129",
                            "tags.%": "0",
                            "vpc": "true"
                        },
                        "meta": {
                            "e2bfb730-ecaa-11e6-8f88-34363bc7c4c0": {
                                "delete": 180000000000,
                                "read": 900000000000,
                                "update": 300000000000
                            }
                        },
                        "tainted": false
                    },
                    "deposed": [],
                    "provider": "provider.aws"
                },
                "aws_internet_gateway.ig": {
                    "type": "aws_internet_gateway",
                    "depends_on": [
                        "aws_vpc.vpc"
                    ],
                    "primary": {
                        "id": "igw-04ac16d0d882a5776",
                        "attributes": {
                            "id": "igw-04ac16d0d882a5776",
                            "tags.%": "2",
                            "tags.Environment": "production",
                            "tags.Name": "production-igw",
                            "vpc_id": "vpc-07ab7b7d1aead8cb3"
                        },
                        "meta": {},
                        "tainted": false
                    },
                    "deposed": [],
                    "provider": "provider.aws"
                },
                "aws_nat_gateway.nat": {
                    "type": "aws_nat_gateway",
                    "depends_on": [
                        "aws_eip.nat_eip",
                        "aws_internet_gateway.ig",
                        "aws_subnet.public_subnet.*"
                    ],
                    "primary": {
                        "id": "nat-0cac3003d007611fa",
                        "attributes": {
                            "allocation_id": "eipalloc-085588ed15817d798",
                            "id": "nat-0cac3003d007611fa",
                            "network_interface_id": "eni-009a5c923c63fd3ed",
                            "private_ip": "10.0.1.129",
                            "public_ip": "18.214.212.129",
                            "subnet_id": "subnet-07b83d96cf5bded4f",
                            "tags.%": "2",
                            "tags.Environment": "production",
                            "tags.Name": "production-us-east-1a-nat"
                        },
                        "meta": {},
                        "tainted": false
                    },
                    "deposed": [],
                    "provider": "provider.aws"
                },
                "aws_route.private_nat_gateway": {
                    "type": "aws_route",
                    "depends_on": [
                        "aws_nat_gateway.nat",
                        "aws_route_table.private"
                    ],
                    "primary": {
                        "id": "r-rtb-01a7d5805f25835601080289494",
                        "attributes": {
                            "destination_cidr_block": "0.0.0.0/0",
                            "destination_prefix_list_id": "",
                            "egress_only_gateway_id": "",
                            "gateway_id": "nat-0cac3003d007611fa",
                            "id": "r-rtb-01a7d5805f25835601080289494",
                            "instance_id": "",
                            "instance_owner_id": "",
                            "nat_gateway_id": "nat-0cac3003d007611fa",
                            "network_interface_id": "",
                            "origin": "CreateRoute",
                            "route_table_id": "rtb-01a7d5805f2583560",
                            "state": "active",
                            "vpc_peering_connection_id": ""
                        },
                        "meta": {
                            "e2bfb730-ecaa-11e6-8f88-34363bc7c4c0": {
                                "create": 120000000000,
                                "delete": 300000000000
                            }
                        },
                        "tainted": false
                    },
                    "deposed": [],
                    "provider": "provider.aws"
                },
                "aws_route.public_internet_gateway": {
                    "type": "aws_route",
                    "depends_on": [
                        "aws_internet_gateway.ig",
                        "aws_route_table.public"
                    ],
                    "primary": {
                        "id": "r-rtb-069d577147c29ec6e1080289494",
                        "attributes": {
                            "destination_cidr_block": "0.0.0.0/0",
                            "destination_prefix_list_id": "",
                            "egress_only_gateway_id": "",
                            "gateway_id": "igw-04ac16d0d882a5776",
                            "id": "r-rtb-069d577147c29ec6e1080289494",
                            "instance_id": "",
                            "instance_owner_id": "",
                            "nat_gateway_id": "",
                            "network_interface_id": "",
                            "origin": "CreateRoute",
                            "route_table_id": "rtb-069d577147c29ec6e",
                            "state": "active",
                            "vpc_peering_connection_id": ""
                        },
                        "meta": {
                            "e2bfb730-ecaa-11e6-8f88-34363bc7c4c0": {
                                "create": 120000000000,
                                "delete": 300000000000
                            }
                        },
                        "tainted": false
                    },
                    "deposed": [],
                    "provider": "provider.aws"
                },
                "aws_route_table.private": {
                    "type": "aws_route_table",
                    "depends_on": [
                        "aws_vpc.vpc"
                    ],
                    "primary": {
                        "id": "rtb-01a7d5805f2583560",
                        "attributes": {
                            "id": "rtb-01a7d5805f2583560",
                            "propagating_vgws.#": "0",
                            "route.#": "1",
                            "route.1587589670.cidr_block": "0.0.0.0/0",
                            "route.1587589670.egress_only_gateway_id": "",
                            "route.1587589670.gateway_id": "",
                            "route.1587589670.instance_id": "",
                            "route.1587589670.ipv6_cidr_block": "",
                            "route.1587589670.nat_gateway_id": "nat-0cac3003d007611fa",
                            "route.1587589670.network_interface_id": "",
                            "route.1587589670.vpc_peering_connection_id": "",
                            "tags.%": "2",
                            "tags.Environment": "production",
                            "tags.Name": "production-private-route-table",
                            "vpc_id": "vpc-07ab7b7d1aead8cb3"
                        },
                        "meta": {},
                        "tainted": false
                    },
                    "deposed": [],
                    "provider": "provider.aws"
                },
                "aws_route_table.public": {
                    "type": "aws_route_table",
                    "depends_on": [
                        "aws_vpc.vpc"
                    ],
                    "primary": {
                        "id": "rtb-069d577147c29ec6e",
                        "attributes": {
                            "id": "rtb-069d577147c29ec6e",
                            "propagating_vgws.#": "0",
                            "route.#": "1",
                            "route.1298614679.cidr_block": "0.0.0.0/0",
                            "route.1298614679.egress_only_gateway_id": "",
                            "route.1298614679.gateway_id": "igw-04ac16d0d882a5776",
                            "route.1298614679.instance_id": "",
                            "route.1298614679.ipv6_cidr_block": "",
                            "route.1298614679.nat_gateway_id": "",
                            "route.1298614679.network_interface_id": "",
                            "route.1298614679.vpc_peering_connection_id": "",
                            "tags.%": "2",
                            "tags.Environment": "production",
                            "tags.Name": "production-public-route-table",
                            "vpc_id": "vpc-07ab7b7d1aead8cb3"
                        },
                        "meta": {},
                        "tainted": false
                    },
                    "deposed": [],
                    "provider": "provider.aws"
                },
                "aws_route_table_association.private.0": {
                    "type": "aws_route_table_association",
                    "depends_on": [
                        "aws_route_table.private",
                        "aws_subnet.private_subnet.*"
                    ],
                    "primary": {
                        "id": "rtbassoc-02f1575b51c7eda61",
                        "attributes": {
                            "id": "rtbassoc-02f1575b51c7eda61",
                            "route_table_id": "rtb-01a7d5805f2583560",
                            "subnet_id": "subnet-0c5a4fe991d3e2ce4"
                        },
                        "meta": {},
                        "tainted": false
                    },
                    "deposed": [],
                    "provider": "provider.aws"
                },
                "aws_route_table_association.private.1": {
                    "type": "aws_route_table_association",
                    "depends_on": [
                        "aws_route_table.private",
                        "aws_subnet.private_subnet.*"
                    ],
                    "primary": {
                        "id": "rtbassoc-024cd2674030e9ac6",
                        "attributes": {
                            "id": "rtbassoc-024cd2674030e9ac6",
                            "route_table_id": "rtb-01a7d5805f2583560",
                            "subnet_id": "subnet-075ac249c33789f0b"
                        },
                        "meta": {},
                        "tainted": false
                    },
                    "deposed": [],
                    "provider": "provider.aws"
                },
                "aws_route_table_association.public.0": {
                    "type": "aws_route_table_association",
                    "depends_on": [
                        "aws_route_table.public",
                        "aws_subnet.public_subnet.*"
                    ],
                    "primary": {
                        "id": "rtbassoc-00954eee62706821c",
                        "attributes": {
                            "id": "rtbassoc-00954eee62706821c",
                            "route_table_id": "rtb-069d577147c29ec6e",
                            "subnet_id": "subnet-07b83d96cf5bded4f"
                        },
                        "meta": {},
                        "tainted": false
                    },
                    "deposed": [],
                    "provider": "provider.aws"
                },
                "aws_route_table_association.public.1": {
                    "type": "aws_route_table_association",
                    "depends_on": [
                        "aws_route_table.public",
                        "aws_subnet.public_subnet.*"
                    ],
                    "primary": {
                        "id": "rtbassoc-0d0b212dc807e98f0",
                        "attributes": {
                            "id": "rtbassoc-0d0b212dc807e98f0",
                            "route_table_id": "rtb-069d577147c29ec6e",
                            "subnet_id": "subnet-033b6ba78e8b499ab"
                        },
                        "meta": {},
                        "tainted": false
                    },
                    "deposed": [],
                    "provider": "provider.aws"
                },
                "aws_security_group.default": {
                    "type": "aws_security_group",
                    "depends_on": [
                        "aws_vpc.vpc"
                    ],
                    "primary": {
                        "id": "sg-0fa039b21b3242192",
                        "attributes": {
                            "arn": "arn:aws:ec2:us-east-1:526031810329:security-group/sg-0fa039b21b3242192",
                            "description": "default security group to allow inbound/outbound from the vpc",
                            "egress.#": "1",
                            "egress.753360330.cidr_blocks.#": "0",
                            "egress.753360330.description": "",
                            "egress.753360330.from_port": "0",
                            "egress.753360330.ipv6_cidr_blocks.#": "0",
                            "egress.753360330.prefix_list_ids.#": "0",
                            "egress.753360330.protocol": "-1",
                            "egress.753360330.security_groups.#": "0",
                            "egress.753360330.self": "true",
                            "egress.753360330.to_port": "0",
                            "id": "sg-0fa039b21b3242192",
                            "ingress.#": "1",
                            "ingress.753360330.cidr_blocks.#": "0",
                            "ingress.753360330.description": "",
                            "ingress.753360330.from_port": "0",
                            "ingress.753360330.ipv6_cidr_blocks.#": "0",
                            "ingress.753360330.protocol": "-1",
                            "ingress.753360330.security_groups.#": "0",
                            "ingress.753360330.self": "true",
                            "ingress.753360330.to_port": "0",
                            "name": "production-default-sg",
                            "owner_id": "526031810329",
                            "revoke_rules_on_delete": "false",
                            "tags.%": "1",
                            "tags.environment": "production",
                            "vpc_id": "vpc-07ab7b7d1aead8cb3"
                        },
                        "meta": {
                            "e2bfb730-ecaa-11e6-8f88-34363bc7c4c0": {
                                "create": 600000000000,
                                "delete": 600000000000
                            },
                            "schema_version": "1"
                        },
                        "tainted": false
                    },
                    "deposed": [],
                    "provider": "provider.aws"
                },
                "aws_subnet.private_subnet.0": {
                    "type": "aws_subnet",
                    "depends_on": [
                        "aws_vpc.vpc"
                    ],
                    "primary": {
                        "id": "subnet-0c5a4fe991d3e2ce4",
                        "attributes": {
                            "arn": "arn:aws:ec2:us-east-1:526031810329:subnet/subnet-0c5a4fe991d3e2ce4",
                            "assign_ipv6_address_on_creation": "false",
                            "availability_zone": "us-east-1a",
                            "cidr_block": "10.0.10.0/24",
                            "id": "subnet-0c5a4fe991d3e2ce4",
                            "map_public_ip_on_launch": "false",
                            "tags.%": "2",
                            "tags.Environment": "production",
                            "tags.Name": "production-us-east-1a-private-subnet",
                            "vpc_id": "vpc-07ab7b7d1aead8cb3"
                        },
                        "meta": {
                            "schema_version": "1"
                        },
                        "tainted": false
                    },
                    "deposed": [],
                    "provider": "provider.aws"
                },
                "aws_subnet.private_subnet.1": {
                    "type": "aws_subnet",
                    "depends_on": [
                        "aws_vpc.vpc"
                    ],
                    "primary": {
                        "id": "subnet-075ac249c33789f0b",
                        "attributes": {
                            "arn": "arn:aws:ec2:us-east-1:526031810329:subnet/subnet-075ac249c33789f0b",
                            "assign_ipv6_address_on_creation": "false",
                            "availability_zone": "us-east-1b",
                            "cidr_block": "10.0.20.0/24",
                            "id": "subnet-075ac249c33789f0b",
                            "map_public_ip_on_launch": "false",
                            "tags.%": "2",
                            "tags.Environment": "production",
                            "tags.Name": "production-us-east-1b-private-subnet",
                            "vpc_id": "vpc-07ab7b7d1aead8cb3"
                        },
                        "meta": {
                            "schema_version": "1"
                        },
                        "tainted": false
                    },
                    "deposed": [],
                    "provider": "provider.aws"
                },
                "aws_subnet.public_subnet.0": {
                    "type": "aws_subnet",
                    "depends_on": [
                        "aws_vpc.vpc"
                    ],
                    "primary": {
                        "id": "subnet-07b83d96cf5bded4f",
                        "attributes": {
                            "arn": "arn:aws:ec2:us-east-1:526031810329:subnet/subnet-07b83d96cf5bded4f",
                            "assign_ipv6_address_on_creation": "false",
                            "availability_zone": "us-east-1a",
                            "cidr_block": "10.0.1.0/24",
                            "id": "subnet-07b83d96cf5bded4f",
                            "map_public_ip_on_launch": "true",
                            "tags.%": "2",
                            "tags.Environment": "production",
                            "tags.Name": "production-us-east-1a-public-subnet",
                            "vpc_id": "vpc-07ab7b7d1aead8cb3"
                        },
                        "meta": {
                            "schema_version": "1"
                        },
                        "tainted": false
                    },
                    "deposed": [],
                    "provider": "provider.aws"
                },
                "aws_subnet.public_subnet.1": {
                    "type": "aws_subnet",
                    "depends_on": [
                        "aws_vpc.vpc"
                    ],
                    "primary": {
                        "id": "subnet-033b6ba78e8b499ab",
                        "attributes": {
                            "arn": "arn:aws:ec2:us-east-1:526031810329:subnet/subnet-033b6ba78e8b499ab",
                            "assign_ipv6_address_on_creation": "false",
                            "availability_zone": "us-east-1b",
                            "cidr_block": "10.0.2.0/24",
                            "id": "subnet-033b6ba78e8b499ab",
                            "map_public_ip_on_launch": "true",
                            "tags.%": "2",
                            "tags.Environment": "production",
                            "tags.Name": "production-us-east-1b-public-subnet",
                            "vpc_id": "vpc-07ab7b7d1aead8cb3"
                        },
                        "meta": {
                            "schema_version": "1"
                        },
                        "tainted": false
                    },
                    "deposed": [],
                    "provider": "provider.aws"
                },
                "aws_vpc.vpc": {
                    "type": "aws_vpc",
                    "depends_on": [],
                    "primary": {
                        "id": "vpc-07ab7b7d1aead8cb3",
                        "attributes": {
                            "arn": "arn:aws:ec2:us-east-1:526031810329:vpc/vpc-07ab7b7d1aead8cb3",
                            "assign_generated_ipv6_cidr_block": "false",
                            "cidr_block": "10.0.0.0/16",
                            "default_network_acl_id": "acl-00c0d7ea972baa98e",
                            "default_route_table_id": "rtb-03ac1e676cda9b2ca",
                            "default_security_group_id": "sg-0389eb9d2ee39fb76",
                            "dhcp_options_id": "dopt-e2b1419a",
                            "enable_classiclink": "false",
                            "enable_classiclink_dns_support": "false",
                            "enable_dns_hostnames": "true",
                            "enable_dns_support": "true",
                            "id": "vpc-07ab7b7d1aead8cb3",
                            "instance_tenancy": "default",
                            "main_route_table_id": "rtb-03ac1e676cda9b2ca",
                            "tags.%": "2",
                            "tags.Environment": "production",
                            "tags.Name": "production-vpc"
                        },
                        "meta": {
                            "schema_version": "1"
                        },
                        "tainted": false
                    },
                    "deposed": [],
                    "provider": "provider.aws"
                }
            },
            "depends_on": []
        },
        {
            "path": [
                "root",
                "rds"
            ],
            "outputs": {
                "db_access_sg_id": {
                    "sensitive": false,
                    "type": "string",
                    "value": "sg-0347257ae122284c7"
                },
                "rds_address": {
                    "sensitive": false,
                    "type": "string",
                    "value": "production-database.chbiyplvdzss.us-east-1.rds.amazonaws.com"
                }
            },
            "resources": {
                "aws_db_instance.rds": {
                    "type": "aws_db_instance",
                    "depends_on": [
                        "aws_db_subnet_group.rds_subnet_group",
                        "aws_security_group.rds_sg"
                    ],
                    "primary": {
                        "id": "production-database",
                        "attributes": {
                            "address": "production-database.chbiyplvdzss.us-east-1.rds.amazonaws.com",
                            "allocated_storage": "20",
                            "arn": "arn:aws:rds:us-east-1:526031810329:db:production-database",
                            "auto_minor_version_upgrade": "true",
                            "availability_zone": "us-east-1b",
                            "backup_retention_period": "0",
                            "backup_window": "10:09-10:39",
                            "ca_cert_identifier": "rds-ca-2015",
                            "copy_tags_to_snapshot": "false",
                            "db_subnet_group_name": "production-rds-subnet-group",
                            "enabled_cloudwatch_logs_exports.#": "0",
                            "endpoint": "production-database.chbiyplvdzss.us-east-1.rds.amazonaws.com:5432",
                            "engine": "postgres",
                            "engine_version": "9.6.6",
                            "hosted_zone_id": "Z2R2ITUGPM61AM",
                            "iam_database_authentication_enabled": "false",
                            "id": "production-database",
                            "identifier": "production-database",
                            "instance_class": "db.t2.micro",
                            "iops": "0",
                            "kms_key_id": "",
                            "license_model": "postgresql-license",
                            "maintenance_window": "fri:07:10-fri:07:40",
                            "monitoring_interval": "0",
                            "multi_az": "false",
                            "name": "openjobs_production",
                            "option_group_name": "default:postgres-9-6",
                            "parameter_group_name": "default.postgres9.6",
                            "password": "myawesomepasswordproduction",
                            "port": "5432",
                            "publicly_accessible": "false",
                            "replicas.#": "0",
                            "replicate_source_db": "",
                            "resource_id": "db-UWB5TB2OUU23WVGG46WTP5FBQY",
                            "security_group_names.#": "0",
                            "skip_final_snapshot": "true",
                            "status": "available",
                            "storage_encrypted": "false",
                            "storage_type": "standard",
                            "tags.%": "1",
                            "tags.Environment": "production",
                            "timezone": "",
                            "username": "openjobs",
                            "vpc_security_group_ids.#": "1",
                            "vpc_security_group_ids.2417563701": "sg-0e6b1b603cb4ded7d"
                        },
                        "meta": {
                            "e2bfb730-ecaa-11e6-8f88-34363bc7c4c0": {
                                "create": 2400000000000,
                                "delete": 2400000000000,
                                "update": 4800000000000
                            }
                        },
                        "tainted": false
                    },
                    "deposed": [],
                    "provider": "provider.aws"
                },
                "aws_db_subnet_group.rds_subnet_group": {
                    "type": "aws_db_subnet_group",
                    "depends_on": [],
                    "primary": {
                        "id": "production-rds-subnet-group",
                        "attributes": {
                            "arn": "arn:aws:rds:us-east-1:526031810329:subgrp:production-rds-subnet-group",
                            "description": "RDS subnet group",
                            "id": "production-rds-subnet-group",
                            "name": "production-rds-subnet-group",
                            "subnet_ids.#": "2",
                            "subnet_ids.2021354342": "subnet-075ac249c33789f0b",
                            "subnet_ids.445708225": "subnet-0c5a4fe991d3e2ce4",
                            "tags.%": "1",
                            "tags.Environment": "production"
                        },
                        "meta": {},
                        "tainted": false
                    },
                    "deposed": [],
                    "provider": "provider.aws"
                },
                "aws_security_group.db_access_sg": {
                    "type": "aws_security_group",
                    "depends_on": [],
                    "primary": {
                        "id": "sg-0347257ae122284c7",
                        "attributes": {
                            "arn": "arn:aws:ec2:us-east-1:526031810329:security-group/sg-0347257ae122284c7",
                            "description": "allow access to RDS",
                            "egress.#": "0",
                            "id": "sg-0347257ae122284c7",
                            "ingress.#": "0",
                            "name": "production-db-access-sg",
                            "owner_id": "526031810329",
                            "revoke_rules_on_delete": "false",
                            "tags.%": "2",
                            "tags.Environment": "production",
                            "tags.Name": "production-db-access-sg",
                            "vpc_id": "vpc-07ab7b7d1aead8cb3"
                        },
                        "meta": {
                            "e2bfb730-ecaa-11e6-8f88-34363bc7c4c0": {
                                "create": 600000000000,
                                "delete": 600000000000
                            },
                            "schema_version": "1"
                        },
                        "tainted": false
                    },
                    "deposed": [],
                    "provider": "provider.aws"
                },
                "aws_security_group.rds_sg": {
                    "type": "aws_security_group",
                    "depends_on": [
                        "aws_security_group.db_access_sg"
                    ],
                    "primary": {
                        "id": "sg-0e6b1b603cb4ded7d",
                        "attributes": {
                            "arn": "arn:aws:ec2:us-east-1:526031810329:security-group/sg-0e6b1b603cb4ded7d",
                            "description": "production Security Group",
                            "egress.#": "1",
                            "egress.482069346.cidr_blocks.#": "1",
                            "egress.482069346.cidr_blocks.0": "0.0.0.0/0",
                            "egress.482069346.description": "",
                            "egress.482069346.from_port": "0",
                            "egress.482069346.ipv6_cidr_blocks.#": "0",
                            "egress.482069346.prefix_list_ids.#": "0",
                            "egress.482069346.protocol": "-1",
                            "egress.482069346.security_groups.#": "0",
                            "egress.482069346.self": "false",
                            "egress.482069346.to_port": "0",
                            "id": "sg-0e6b1b603cb4ded7d",
                            "ingress.#": "2",
                            "ingress.1870797607.cidr_blocks.#": "0",
                            "ingress.1870797607.description": "",
                            "ingress.1870797607.from_port": "5432",
                            "ingress.1870797607.ipv6_cidr_blocks.#": "0",
                            "ingress.1870797607.protocol": "tcp",
                            "ingress.1870797607.security_groups.#": "1",
                            "ingress.1870797607.security_groups.1333058936": "sg-0347257ae122284c7",
                            "ingress.1870797607.self": "false",
                            "ingress.1870797607.to_port": "5432",
                            "ingress.753360330.cidr_blocks.#": "0",
                            "ingress.753360330.description": "",
                            "ingress.753360330.from_port": "0",
                            "ingress.753360330.ipv6_cidr_blocks.#": "0",
                            "ingress.753360330.protocol": "-1",
                            "ingress.753360330.security_groups.#": "0",
                            "ingress.753360330.self": "true",
                            "ingress.753360330.to_port": "0",
                            "name": "production-rds-sg",
                            "owner_id": "526031810329",
                            "revoke_rules_on_delete": "false",
                            "tags.%": "2",
                            "tags.Environment": "production",
                            "tags.Name": "production-rds-sg",
                            "vpc_id": "vpc-07ab7b7d1aead8cb3"
                        },
                        "meta": {
                            "e2bfb730-ecaa-11e6-8f88-34363bc7c4c0": {
                                "create": 600000000000,
                                "delete": 600000000000
                            },
                            "schema_version": "1"
                        },
                        "tainted": false
                    },
                    "deposed": [],
                    "provider": "provider.aws"
                }
            },
            "depends_on": []
        }
    ]
}
