{
    "version": 3,
    "terraform_version": "0.11.8",
    "serial": 3,
    "lineage": "e9f625da-069a-6b45-93c6-c4a436e23ad3",
    "modules": [
        {
            "path": [
                "root"
            ],
            "outputs": {
                "alb_dns_name": {
                    "sensitive": false,
                    "type": "string",
                    "value": "production-alb-openjobs-2014746834.us-east-1.elb.amazonaws.com"
                }
            },
            "resources": {
                "aws_key_pair.key": {
                    "type": "aws_key_pair",
                    "depends_on": [],
                    "primary": {
                        "id": "production_key",
                        "attributes": {
                            "fingerprint": "d8:2d:c1:e5:c5:0a:21:89:37:d2:e9:14:aa:a6:6c:9d",
                            "id": "production_key",
                            "key_name": "production_key",
                            "public_key": "ssh-rsa AAAAB3NzaC1yc2EAAAADAQABAAACAQCzNhNt7th7EitIsVt4kIdrGhiBDGWyTO4p5UMXkTk/uriLbHsQDFakbAlPAtJIYitAzzYPXEvbPu4nZsuQLYMilfnnXVD61/xxAWbWw7V/dAKg1DVLwdOtQK4jv+xue7QiyvAnEnzcR+fCUyz9AhW4j0yO75i4VZzWNjDcy2MnKu68WnEKyhYQOkQRKtHub59P9jYbmlIux3WL2rUd5YaP/Ey3tt/yS1BtDBKJSVCwyO65DJijUq9riWf9O7J0PDJLJKO7gt7hfTrcRI0/irhMqObwmThH5F7ZVReSALwDCCaLH83c7V5EUeLoN+UbDvKz/giMh8b6zJ/tWs81/31HmZxn8qTzyXXcefX/PapTITKDKffWIc11WTbv+L1sV9T8FnhH6lP3YJx0bWDpv/getjG7xPVmqN5wOpIOREUwuoa84UsosC85uS/HqjUt7vR3EWgHbdLKj7lgI4l0BtFaMmFR99OuPbGzPKlY6r7icbI7TUAJwZPwsyyG3SQ/C+bVubyEamMZLmgMqrBiCjcDSC5it5cO3YvrXbnPt7BAoJaoN0qxeKTMTYArL7PC7na+aVMkCtvx9UEnWxXfcDnwVcmNlPNDQsRmcPwumkOPKHWDwGYsMHMPbh8xxRH2IuUfc54LVtUzIoX3T30JJ2Z+BUip9FhEVlXi6UFNo3H6yw== oky.sabeni@gmail.com"
                        },
                        "meta": {
                            "schema_version": "1"
                        },
                        "tainted": false
                    },
                    "deposed": [],
                    "provider": "provider.aws"
                },
                "aws_route53_delegation_set.main": {
                    "type": "aws_route53_delegation_set",
                    "depends_on": [],
                    "primary": {
                        "id": "N1ELR2DTUWGVX9",
                        "attributes": {
                            "id": "N1ELR2DTUWGVX9",
                            "name_servers.#": "4",
                            "name_servers.0": "ns-1476.awsdns-56.org",
                            "name_servers.1": "ns-1599.awsdns-07.co.uk",
                            "name_servers.2": "ns-309.awsdns-38.com",
                            "name_servers.3": "ns-877.awsdns-45.net",
                            "reference_name": "DynDNS"
                        },
                        "meta": {},
                        "tainted": false
                    },
                    "deposed": [],
                    "provider": "provider.aws"
                },
                "aws_route53_record.www-prod": {
                    "type": "aws_route53_record",
                    "depends_on": [
                        "aws_route53_zone.primary_route",
                        "module.ecs"
                    ],
                    "primary": {
                        "id": "Z5R1DD68SFZGF_www.ecsfargateexample.tk_A",
                        "attributes": {
                            "alias.#": "1",
                            "alias.891171006.evaluate_target_health": "true",
                            "alias.891171006.name": "production-alb-openjobs-2014746834.us-east-1.elb.amazonaws.com",
                            "alias.891171006.zone_id": "Z35SXDOTRQ7X7K",
                            "allow_overwrite": "true",
                            "fqdn": "www.ecsfargateexample.tk",
                            "health_check_id": "",
                            "id": "Z5R1DD68SFZGF_www.ecsfargateexample.tk_A",
                            "name": "www.ecsfargateexample.tk",
                            "records.#": "0",
                            "set_identifier": "",
                            "ttl": "0",
                            "type": "A",
                            "zone_id": "Z5R1DD68SFZGF"
                        },
                        "meta": {
                            "schema_version": "2"
                        },
                        "tainted": false
                    },
                    "deposed": [],
                    "provider": "provider.aws"
                },
                "aws_route53_zone.primary_route": {
                    "type": "aws_route53_zone",
                    "depends_on": [
                        "aws_route53_delegation_set.main"
                    ],
                    "primary": {
                        "id": "Z5R1DD68SFZGF",
                        "attributes": {
                            "comment": "Managed by Terraform",
                            "delegation_set_id": "N1ELR2DTUWGVX9",
                            "force_destroy": "false",
                            "id": "Z5R1DD68SFZGF",
                            "name": "ecsfargateexample.tk",
                            "name_servers.#": "4",
                            "name_servers.0": "ns-1476.awsdns-56.org",
                            "name_servers.1": "ns-1599.awsdns-07.co.uk",
                            "name_servers.2": "ns-309.awsdns-38.com",
                            "name_servers.3": "ns-877.awsdns-45.net",
                            "tags.%": "0",
                            "zone_id": "Z5R1DD68SFZGF"
                        },
                        "meta": {},
                        "tainted": false
                    },
                    "deposed": [],
                    "provider": "provider.aws"
                }
            },
            "depends_on": []
        },
        {
            "path": [
                "root",
                "code_pipeline"
            ],
            "outputs": {},
            "resources": {
                "aws_codebuild_project.openjobs_build": {
                    "type": "aws_codebuild_project",
                    "depends_on": [
                        "aws_iam_role.codebuild_role",
                        "data.template_file.buildspec"
                    ],
                    "primary": {
                        "id": "arn:aws:codebuild:us-east-1:526031810329:project/openjobs-codebuild",
                        "attributes": {
                            "artifacts.#": "1",
                            "artifacts.2731293239.encryption_disabled": "false",
                            "artifacts.2731293239.location": "",
                            "artifacts.2731293239.name": "openjobs-codebuild",
                            "artifacts.2731293239.namespace_type": "",
                            "artifacts.2731293239.packaging": "NONE",
                            "artifacts.2731293239.path": "",
                            "artifacts.2731293239.type": "CODEPIPELINE",
                            "badge_enabled": "false",
                            "badge_url": "",
                            "build_timeout": "10",
                            "cache.#": "1",
                            "cache.0.location": "",
                            "cache.0.type": "NO_CACHE",
                            "description": "",
                            "encryption_key": "arn:aws:kms:us-east-1:526031810329:alias/aws/s3",
                            "environment.#": "1",
                            "environment.2882962266.compute_type": "BUILD_GENERAL1_SMALL",
                            "environment.2882962266.environment_variable.#": "0",
                            "environment.2882962266.image": "aws/codebuild/docker:1.12.1",
                            "environment.2882962266.privileged_mode": "true",
                            "environment.2882962266.type": "LINUX_CONTAINER",
                            "id": "arn:aws:codebuild:us-east-1:526031810329:project/openjobs-codebuild",
                            "name": "openjobs-codebuild",
                            "service_role": "arn:aws:iam::526031810329:role/codebuild-role",
                            "source.#": "1",
                            "source.3812225015.auth.#": "0",
                            "source.3812225015.buildspec": "version: 0.2\n\nphases:\n  pre_build:\n    commands:\n      - pip install awscli --upgrade --user\n      - echo 'aws --version'\n      - echo Logging in to Amazon ECR...\n      - $(aws ecr get-login --region us-east-1 --no-include-email)\n      - REPOSITORY_URL=526031810329.dkr.ecr.us-east-1.amazonaws.com/okysabeni/openjobs\n      - IMAGE_TAG=$(echo $CODEBUILD_RESOLVED_SOURCE_VERSION | cut -c 1-7)\n      - echo Entered the pre_build phase...\n  build:\n    commands:\n      - echo Build started on `date`\n      - echo Buildling the Docker image...\n      - docker build --build-arg build_without=\"development test\" --build-arg rails_env=\"production\" -t $REPOSITORY_URI:latest .\n      - docker tag $REPOSITORY_URI:latest $REPOSITORY_URI:$IMAGE_TAG\n  post_build:\n    commands:\n      - echo Build completed on `date`\n      - echo Pushing the Docker images...\n      - docker push $REPOSITORY_URI:latest\n      - docker push $REPOSITORY_URI:$IMAGE_TAG\n      - echo Writing image definitions file...\n      - printf '[{\"name\":\"web\",\"imageUri\":\"%s\"}]' $REPOSITORY_URI:$IMAGE_TAG \u003e imagedefinitions.json\n      - echo upgrading db-migrate task definitions\n      - aws ecs run-task --launch-type FARGATE --cluster production-ecs-cluster --task-definition production_db_migrate --network-configuration \"awsvpcConfiguration={subnets=[subnet-00ce893f50ed98230],securityGroups=[sg-0aa3bef085afb9f9b,sg-0490d5a0cdbdbfc03,sg-0a6f833428603cf42]}\"\n  artifacts:\n    files: imagedefinitions.json\n\n",
                            "source.3812225015.git_clone_depth": "0",
                            "source.3812225015.insecure_ssl": "false",
                            "source.3812225015.location": "",
                            "source.3812225015.report_build_status": "false",
                            "source.3812225015.type": "CODEPIPELINE",
                            "tags.%": "0",
                            "vpc_config.#": "0"
                        },
                        "meta": {},
                        "tainted": false
                    },
                    "deposed": [],
                    "provider": "provider.aws"
                },
                "aws_iam_role.codebuild_role": {
                    "type": "aws_iam_role",
                    "depends_on": [],
                    "primary": {
                        "id": "codebuild-role",
                        "attributes": {
                            "arn": "arn:aws:iam::526031810329:role/codebuild-role",
                            "assume_role_policy": "{\"Version\":\"2012-10-17\",\"Statement\":[{\"Effect\":\"Allow\",\"Principal\":{\"Service\":\"codebuild.amazonaws.com\"},\"Action\":\"sts:AssumeRole\"}]}",
                            "create_date": "2018-09-03T03:54:27Z",
                            "description": "",
                            "force_detach_policies": "false",
                            "id": "codebuild-role",
                            "max_session_duration": "3600",
                            "name": "codebuild-role",
                            "path": "/",
                            "unique_id": "AROAI4EM7MYNUBKBNE3UY"
                        },
                        "meta": {},
                        "tainted": false
                    },
                    "deposed": [],
                    "provider": "provider.aws"
                },
                "aws_iam_role.codepipeline_role": {
                    "type": "aws_iam_role",
                    "depends_on": [],
                    "primary": {
                        "id": "codepipeline-role",
                        "attributes": {
                            "arn": "arn:aws:iam::526031810329:role/codepipeline-role",
                            "assume_role_policy": "{\"Version\":\"2012-10-17\",\"Statement\":[{\"Effect\":\"Allow\",\"Principal\":{\"Service\":\"codepipeline.amazonaws.com\"},\"Action\":\"sts:AssumeRole\"}]}",
                            "create_date": "2018-09-03T03:54:27Z",
                            "description": "",
                            "force_detach_policies": "false",
                            "id": "codepipeline-role",
                            "max_session_duration": "3600",
                            "name": "codepipeline-role",
                            "path": "/",
                            "unique_id": "AROAJL2Y4BALEXOSW2RMK"
                        },
                        "meta": {},
                        "tainted": false
                    },
                    "deposed": [],
                    "provider": "provider.aws"
                },
                "data.template_file.buildspec": {
                    "type": "template_file",
                    "depends_on": [],
                    "primary": {
                        "id": "487035cf269315faa443156fed8bf69789b20e11ea00c75a723ba2268f7d1114",
                        "attributes": {
                            "id": "487035cf269315faa443156fed8bf69789b20e11ea00c75a723ba2268f7d1114",
                            "rendered": "version: 0.2\n\nphases:\n  pre_build:\n    commands:\n      - pip install awscli --upgrade --user\n      - echo 'aws --version'\n      - echo Logging in to Amazon ECR...\n      - $(aws ecr get-login --region us-east-1 --no-include-email)\n      - REPOSITORY_URL=526031810329.dkr.ecr.us-east-1.amazonaws.com/okysabeni/openjobs\n      - IMAGE_TAG=$(echo $CODEBUILD_RESOLVED_SOURCE_VERSION | cut -c 1-7)\n      - echo Entered the pre_build phase...\n  build:\n    commands:\n      - echo Build started on `date`\n      - echo Buildling the Docker image...\n      - docker build --build-arg build_without=\"development test\" --build-arg rails_env=\"production\" -t $REPOSITORY_URI:latest .\n      - docker tag $REPOSITORY_URI:latest $REPOSITORY_URI:$IMAGE_TAG\n  post_build:\n    commands:\n      - echo Build completed on `date`\n      - echo Pushing the Docker images...\n      - docker push $REPOSITORY_URI:latest\n      - docker push $REPOSITORY_URI:$IMAGE_TAG\n      - echo Writing image definitions file...\n      - printf '[{\"name\":\"web\",\"imageUri\":\"%s\"}]' $REPOSITORY_URI:$IMAGE_TAG \u003e imagedefinitions.json\n      - echo upgrading db-migrate task definitions\n      - aws ecs run-task --launch-type FARGATE --cluster production-ecs-cluster --task-definition production_db_migrate --network-configuration \"awsvpcConfiguration={subnets=[subnet-00ce893f50ed98230],securityGroups=[sg-0aa3bef085afb9f9b,sg-0490d5a0cdbdbfc03,sg-0a6f833428603cf42]}\"\n  artifacts:\n    files: imagedefinitions.json\n\n",
                            "template": "version: 0.2\n\nphases:\n  pre_build:\n    commands:\n      - pip install awscli --upgrade --user\n      - echo 'aws --version'\n      - echo Logging in to Amazon ECR...\n      - $(aws ecr get-login --region ${region} --no-include-email)\n      - REPOSITORY_URL=${repository_url}\n      - IMAGE_TAG=$(echo $CODEBUILD_RESOLVED_SOURCE_VERSION | cut -c 1-7)\n      - echo Entered the pre_build phase...\n  build:\n    commands:\n      - echo Build started on `date`\n      - echo Buildling the Docker image...\n      - docker build --build-arg build_without=\"development test\" --build-arg rails_env=\"production\" -t $REPOSITORY_URI:latest .\n      - docker tag $REPOSITORY_URI:latest $REPOSITORY_URI:$IMAGE_TAG\n  post_build:\n    commands:\n      - echo Build completed on `date`\n      - echo Pushing the Docker images...\n      - docker push $REPOSITORY_URI:latest\n      - docker push $REPOSITORY_URI:$IMAGE_TAG\n      - echo Writing image definitions file...\n      - printf '[{\"name\":\"web\",\"imageUri\":\"%s\"}]' $REPOSITORY_URI:$IMAGE_TAG \u003e imagedefinitions.json\n      - echo upgrading db-migrate task definitions\n      - aws ecs run-task --launch-type FARGATE --cluster ${cluster_name} --task-definition production_db_migrate --network-configuration \"awsvpcConfiguration={subnets=[${subnet_id}],securityGroups=[${security_group_ids}]}\"\n  artifacts:\n    files: imagedefinitions.json\n\n",
                            "vars.%": "5",
                            "vars.cluster_name": "production-ecs-cluster",
                            "vars.region": "us-east-1",
                            "vars.repository_url": "526031810329.dkr.ecr.us-east-1.amazonaws.com/okysabeni/openjobs",
                            "vars.security_group_ids": "sg-0aa3bef085afb9f9b,sg-0490d5a0cdbdbfc03,sg-0a6f833428603cf42",
                            "vars.subnet_id": "subnet-00ce893f50ed98230"
                        },
                        "meta": {},
                        "tainted": false
                    },
                    "deposed": [],
                    "provider": "provider.template"
                }
            },
            "depends_on": []
        },
        {
            "path": [
                "root",
                "ecs"
            ],
            "outputs": {
                "alb_dns_name": {
                    "sensitive": false,
                    "type": "string",
                    "value": "production-alb-openjobs-2014746834.us-east-1.elb.amazonaws.com"
                },
                "alb_zone_id": {
                    "sensitive": false,
                    "type": "string",
                    "value": "Z35SXDOTRQ7X7K"
                },
                "cluster_name": {
                    "sensitive": false,
                    "type": "string",
                    "value": "production-ecs-cluster"
                },
                "repository_url": {
                    "sensitive": false,
                    "type": "string",
                    "value": "526031810329.dkr.ecr.us-east-1.amazonaws.com/okysabeni/openjobs"
                },
                "security_group_id": {
                    "sensitive": false,
                    "type": "string",
                    "value": "sg-0a6f833428603cf42"
                },
                "service_name": {
                    "sensitive": false,
                    "type": "string",
                    "value": "production-web"
                }
            },
            "resources": {
                "aws_alb.alb_openjobs": {
                    "type": "aws_alb",
                    "depends_on": [
                        "aws_security_group.web_inbound_sg"
                    ],
                    "primary": {
                        "id": "arn:aws:elasticloadbalancing:us-east-1:526031810329:loadbalancer/app/production-alb-openjobs/85fe6017d969c845",
                        "attributes": {
                            "access_logs.#": "0",
                            "arn": "arn:aws:elasticloadbalancing:us-east-1:526031810329:loadbalancer/app/production-alb-openjobs/85fe6017d969c845",
                            "arn_suffix": "app/production-alb-openjobs/85fe6017d969c845",
                            "dns_name": "production-alb-openjobs-2014746834.us-east-1.elb.amazonaws.com",
                            "enable_deletion_protection": "false",
                            "enable_http2": "true",
                            "id": "arn:aws:elasticloadbalancing:us-east-1:526031810329:loadbalancer/app/production-alb-openjobs/85fe6017d969c845",
                            "idle_timeout": "60",
                            "internal": "false",
                            "ip_address_type": "ipv4",
                            "load_balancer_type": "application",
                            "name": "production-alb-openjobs",
                            "security_groups.#": "3",
                            "security_groups.1072377064": "sg-0490d5a0cdbdbfc03",
                            "security_groups.1218393335": "sg-0aa3bef085afb9f9b",
                            "security_groups.4010663438": "sg-01bcf2539057c649e",
                            "subnet_mapping.#": "0",
                            "subnets.#": "2",
                            "subnets.1933452823": "subnet-060638c4f70e41588",
                            "subnets.4114650024": "subnet-009a5a66b9866a8cc",
                            "tags.%": "2",
                            "tags.Environment": "production",
                            "tags.Name": "production-alb-openjobs",
                            "vpc_id": "vpc-089bb2286a58b5995",
                            "zone_id": "Z35SXDOTRQ7X7K"
                        },
                        "meta": {
                            "e2bfb730-ecaa-11e6-8f88-34363bc7c4c0": {
                                "create": 600000000000,
                                "delete": 600000000000,
                                "update": 600000000000
                            }
                        },
                        "tainted": false
                    },
                    "deposed": [],
                    "provider": "provider.aws"
                },
                "aws_alb_listener.openjobs": {
                    "type": "aws_alb_listener",
                    "depends_on": [
                        "aws_alb.alb_openjobs",
                        "aws_alb_target_group.alb_target_group"
                    ],
                    "primary": {
                        "id": "arn:aws:elasticloadbalancing:us-east-1:526031810329:listener/app/production-alb-openjobs/85fe6017d969c845/dfce2165deb8234a",
                        "attributes": {
                            "arn": "arn:aws:elasticloadbalancing:us-east-1:526031810329:listener/app/production-alb-openjobs/85fe6017d969c845/dfce2165deb8234a",
                            "default_action.#": "1",
                            "default_action.0.fixed_response.#": "0",
                            "default_action.0.redirect.#": "0",
                            "default_action.0.target_group_arn": "arn:aws:elasticloadbalancing:us-east-1:526031810329:targetgroup/production-alb-target-group-a074/f446ab19939bd9b9",
                            "default_action.0.type": "forward",
                            "id": "arn:aws:elasticloadbalancing:us-east-1:526031810329:listener/app/production-alb-openjobs/85fe6017d969c845/dfce2165deb8234a",
                            "load_balancer_arn": "arn:aws:elasticloadbalancing:us-east-1:526031810329:loadbalancer/app/production-alb-openjobs/85fe6017d969c845",
                            "port": "80",
                            "protocol": "HTTP",
                            "ssl_policy": ""
                        },
                        "meta": {},
                        "tainted": false
                    },
                    "deposed": [],
                    "provider": "provider.aws"
                },
                "aws_alb_target_group.alb_target_group": {
                    "type": "aws_alb_target_group",
                    "depends_on": [
                        "random_id.target_group_suffix"
                    ],
                    "primary": {
                        "id": "arn:aws:elasticloadbalancing:us-east-1:526031810329:targetgroup/production-alb-target-group-a074/f446ab19939bd9b9",
                        "attributes": {
                            "arn": "arn:aws:elasticloadbalancing:us-east-1:526031810329:targetgroup/production-alb-target-group-a074/f446ab19939bd9b9",
                            "arn_suffix": "targetgroup/production-alb-target-group-a074/f446ab19939bd9b9",
                            "deregistration_delay": "300",
                            "health_check.#": "1",
                            "health_check.0.healthy_threshold": "5",
                            "health_check.0.interval": "30",
                            "health_check.0.matcher": "200",
                            "health_check.0.path": "/",
                            "health_check.0.port": "traffic-port",
                            "health_check.0.protocol": "HTTP",
                            "health_check.0.timeout": "5",
                            "health_check.0.unhealthy_threshold": "2",
                            "id": "arn:aws:elasticloadbalancing:us-east-1:526031810329:targetgroup/production-alb-target-group-a074/f446ab19939bd9b9",
                            "name": "production-alb-target-group-a074",
                            "port": "80",
                            "protocol": "HTTP",
                            "proxy_protocol_v2": "false",
                            "slow_start": "0",
                            "stickiness.#": "1",
                            "stickiness.0.cookie_duration": "86400",
                            "stickiness.0.enabled": "false",
                            "stickiness.0.type": "lb_cookie",
                            "tags.%": "0",
                            "target_type": "ip",
                            "vpc_id": "vpc-089bb2286a58b5995"
                        },
                        "meta": {},
                        "tainted": false
                    },
                    "deposed": [],
                    "provider": "provider.aws"
                },
                "aws_cloudwatch_log_group.openjobs": {
                    "type": "aws_cloudwatch_log_group",
                    "depends_on": [],
                    "primary": {
                        "id": "openjobs",
                        "attributes": {
                            "arn": "arn:aws:logs:us-east-1:526031810329:log-group:openjobs:*",
                            "id": "openjobs",
                            "kms_key_id": "",
                            "name": "openjobs",
                            "retention_in_days": "0",
                            "tags.%": "2",
                            "tags.Application": "Openjobs",
                            "tags.Environment": "production"
                        },
                        "meta": {},
                        "tainted": false
                    },
                    "deposed": [],
                    "provider": "provider.aws"
                },
                "aws_ecr_repository.openjobs_app": {
                    "type": "aws_ecr_repository",
                    "depends_on": [],
                    "primary": {
                        "id": "okysabeni/openjobs",
                        "attributes": {
                            "arn": "arn:aws:ecr:us-east-1:526031810329:repository/okysabeni/openjobs",
                            "id": "okysabeni/openjobs",
                            "name": "okysabeni/openjobs",
                            "registry_id": "526031810329",
                            "repository_url": "526031810329.dkr.ecr.us-east-1.amazonaws.com/okysabeni/openjobs"
                        },
                        "meta": {},
                        "tainted": false
                    },
                    "deposed": [],
                    "provider": "provider.aws"
                },
                "aws_ecs_cluster.cluster": {
                    "type": "aws_ecs_cluster",
                    "depends_on": [],
                    "primary": {
                        "id": "arn:aws:ecs:us-east-1:526031810329:cluster/production-ecs-cluster",
                        "attributes": {
                            "arn": "arn:aws:ecs:us-east-1:526031810329:cluster/production-ecs-cluster",
                            "id": "arn:aws:ecs:us-east-1:526031810329:cluster/production-ecs-cluster",
                            "name": "production-ecs-cluster"
                        },
                        "meta": {},
                        "tainted": false
                    },
                    "deposed": [],
                    "provider": "provider.aws"
                },
                "aws_iam_role.ecs_autoscale_role": {
                    "type": "aws_iam_role",
                    "depends_on": [],
                    "primary": {
                        "id": "production_ecs_autoscale_role",
                        "attributes": {
                            "arn": "arn:aws:iam::526031810329:role/production_ecs_autoscale_role",
                            "assume_role_policy": "{\"Version\":\"2012-10-17\",\"Statement\":[{\"Effect\":\"Allow\",\"Principal\":{\"Service\":\"application-autoscaling.amazonaws.com\"},\"Action\":\"sts:AssumeRole\"}]}",
                            "create_date": "2018-09-03T03:54:27Z",
                            "description": "",
                            "force_detach_policies": "false",
                            "id": "production_ecs_autoscale_role",
                            "max_session_duration": "3600",
                            "name": "production_ecs_autoscale_role",
                            "path": "/",
                            "unique_id": "AROAJSHNFIZZ3OKTLS3TG"
                        },
                        "meta": {},
                        "tainted": false
                    },
                    "deposed": [],
                    "provider": "provider.aws"
                },
                "aws_iam_role.ecs_execution_role": {
                    "type": "aws_iam_role",
                    "depends_on": [],
                    "primary": {
                        "id": "ecs_task_execution_role",
                        "attributes": {
                            "arn": "arn:aws:iam::526031810329:role/ecs_task_execution_role",
                            "assume_role_policy": "{\"Version\":\"2012-10-17\",\"Statement\":[{\"Sid\":\"\",\"Effect\":\"Allow\",\"Principal\":{\"Service\":\"ecs-tasks.amazonaws.com\"},\"Action\":\"sts:AssumeRole\"}]}",
                            "create_date": "2018-09-03T12:42:52Z",
                            "description": "",
                            "force_detach_policies": "false",
                            "id": "ecs_task_execution_role",
                            "max_session_duration": "3600",
                            "name": "ecs_task_execution_role",
                            "path": "/",
                            "unique_id": "AROAJXRS2TNPCBJPFXJUQ"
                        },
                        "meta": {},
                        "tainted": false
                    },
                    "deposed": [],
                    "provider": "provider.aws"
                },
                "aws_iam_role.ecs_role": {
                    "type": "aws_iam_role",
                    "depends_on": [
                        "data.aws_iam_policy_document.ecs_service_role"
                    ],
                    "primary": {
                        "id": "ecs_role",
                        "attributes": {
                            "arn": "arn:aws:iam::526031810329:role/ecs_role",
                            "assume_role_policy": "{\"Version\":\"2012-10-17\",\"Statement\":[{\"Sid\":\"\",\"Effect\":\"Allow\",\"Principal\":{\"Service\":\"ecs.amazonaws.com\"},\"Action\":\"sts:AssumeRole\"}]}",
                            "create_date": "2018-09-03T03:54:27Z",
                            "description": "",
                            "force_detach_policies": "false",
                            "id": "ecs_role",
                            "max_session_duration": "3600",
                            "name": "ecs_role",
                            "path": "/",
                            "unique_id": "AROAJIBZNLBGZ75KKKDFO"
                        },
                        "meta": {},
                        "tainted": false
                    },
                    "deposed": [],
                    "provider": "provider.aws"
                },
                "aws_iam_role_policy.ecs_autoscale_role_policy": {
                    "type": "aws_iam_role_policy",
                    "depends_on": [
                        "aws_iam_role.ecs_autoscale_role"
                    ],
                    "primary": {
                        "id": "production_ecs_autoscale_role:ecs_autoscale_role_policy",
                        "attributes": {
                            "id": "production_ecs_autoscale_role:ecs_autoscale_role_policy",
                            "name": "ecs_autoscale_role_policy",
                            "policy": "{\n  \"Version\": \"2012-10-17\",\n  \"Statement\": [\n    {\n      \"Effect\": \"Allow\",\n      \"Action\": [\n        \"ecs:DescribeServices\",\n        \"ecs:UpdateService\"\n      ],\n      \"Resource\": [\n        \"*\"\n      ]\n    },\n    {\n      \"Effect\": \"Allow\",\n      \"Action\": [\n        \"cloudwatch:DescribeAlarms\"\n      ],\n      \"Resource\": [\n        \"*\"\n      ]\n    }\n  ]\n}\n",
                            "role": "production_ecs_autoscale_role"
                        },
                        "meta": {},
                        "tainted": false
                    },
                    "deposed": [],
                    "provider": "provider.aws"
                },
                "aws_iam_role_policy.ecs_execution_role_policy": {
                    "type": "aws_iam_role_policy",
                    "depends_on": [
                        "aws_iam_role.ecs_execution_role"
                    ],
                    "primary": {
                        "id": "ecs_task_execution_role:ecs_execution_role_policy",
                        "attributes": {
                            "id": "ecs_task_execution_role:ecs_execution_role_policy",
                            "name": "ecs_execution_role_policy",
                            "policy": "{\n  \"Version\": \"2012-10-17\",\n  \"Statement\": [\n    {\n      \"Effect\": \"Allow\",\n      \"Action\": [\n        \"ecr:GetAuthorizationToken\",\n        \"ecr:BatchCheckLayerAvailability\",\n        \"ecr:GetDownloadUrlForLayer\",\n        \"ecr:BatchGetImage\",\n        \"logs:CreateLogStream\",\n        \"logs:PutLogEvents\"\n      ],\n      \"Resource\": \"*\"\n    }\n  ]\n}\n",
                            "role": "ecs_task_execution_role"
                        },
                        "meta": {},
                        "tainted": false
                    },
                    "deposed": [],
                    "provider": "provider.aws"
                },
                "aws_iam_role_policy.ecs_service_role_policy": {
                    "type": "aws_iam_role_policy",
                    "depends_on": [
                        "aws_iam_role.ecs_role",
                        "data.aws_iam_policy_document.ecs_service_policy"
                    ],
                    "primary": {
                        "id": "ecs_role:ecs_service_role_policy",
                        "attributes": {
                            "id": "ecs_role:ecs_service_role_policy",
                            "name": "ecs_service_role_policy",
                            "policy": "{\n  \"Version\": \"2012-10-17\",\n  \"Statement\": [\n    {\n      \"Sid\": \"\",\n      \"Effect\": \"Allow\",\n      \"Action\": [\n        \"elasticloadbalancing:RegisterInstancesWithLoadBalancer\",\n        \"elasticloadbalancing:Describe*\",\n        \"elasticloadbalancing:DeregisterInstancesFromLoadBalancer\",\n        \"ec2:Describe*\",\n        \"ec2:AuthorizeSecurityGroupIngress\"\n      ],\n      \"Resource\": \"*\"\n    }\n  ]\n}",
                            "role": "ecs_role"
                        },
                        "meta": {},
                        "tainted": false
                    },
                    "deposed": [],
                    "provider": "provider.aws"
                },
                "aws_security_group.ecs_service": {
                    "type": "aws_security_group",
                    "depends_on": [],
                    "primary": {
                        "id": "sg-0a6f833428603cf42",
                        "attributes": {
                            "arn": "arn:aws:ec2:us-east-1:526031810329:security-group/sg-0a6f833428603cf42",
                            "description": "Allow egress from container",
                            "egress.#": "1",
                            "egress.482069346.cidr_blocks.#": "1",
                            "egress.482069346.cidr_blocks.0": "0.0.0.0/0",
                            "egress.482069346.description": "",
                            "egress.482069346.from_port": "0",
                            "egress.482069346.ipv6_cidr_blocks.#": "0",
                            "egress.482069346.prefix_list_ids.#": "0",
                            "egress.482069346.protocol": "-1",
                            "egress.482069346.security_groups.#": "0",
                            "egress.482069346.self": "false",
                            "egress.482069346.to_port": "0",
                            "id": "sg-0a6f833428603cf42",
                            "ingress.#": "1",
                            "ingress.3068409405.cidr_blocks.#": "1",
                            "ingress.3068409405.cidr_blocks.0": "0.0.0.0/0",
                            "ingress.3068409405.description": "",
                            "ingress.3068409405.from_port": "8",
                            "ingress.3068409405.ipv6_cidr_blocks.#": "0",
                            "ingress.3068409405.protocol": "icmp",
                            "ingress.3068409405.security_groups.#": "0",
                            "ingress.3068409405.self": "false",
                            "ingress.3068409405.to_port": "0",
                            "name": "production-ecs-service-sg",
                            "owner_id": "526031810329",
                            "revoke_rules_on_delete": "false",
                            "tags.%": "2",
                            "tags.Environment": "production",
                            "tags.Name": "production-ecs-service-sg",
                            "vpc_id": "vpc-089bb2286a58b5995"
                        },
                        "meta": {
                            "e2bfb730-ecaa-11e6-8f88-34363bc7c4c0": {
                                "create": 600000000000,
                                "delete": 600000000000
                            },
                            "schema_version": "1"
                        },
                        "tainted": false
                    },
                    "deposed": [],
                    "provider": "provider.aws"
                },
                "aws_security_group.web_inbound_sg": {
                    "type": "aws_security_group",
                    "depends_on": [],
                    "primary": {
                        "id": "sg-01bcf2539057c649e",
                        "attributes": {
                            "arn": "arn:aws:ec2:us-east-1:526031810329:security-group/sg-01bcf2539057c649e",
                            "description": "Allow HTTP from anywhere into alb",
                            "egress.#": "1",
                            "egress.482069346.cidr_blocks.#": "1",
                            "egress.482069346.cidr_blocks.0": "0.0.0.0/0",
                            "egress.482069346.description": "",
                            "egress.482069346.from_port": "0",
                            "egress.482069346.ipv6_cidr_blocks.#": "0",
                            "egress.482069346.prefix_list_ids.#": "0",
                            "egress.482069346.protocol": "-1",
                            "egress.482069346.security_groups.#": "0",
                            "egress.482069346.self": "false",
                            "egress.482069346.to_port": "0",
                            "id": "sg-01bcf2539057c649e",
                            "ingress.#": "2",
                            "ingress.2214680975.cidr_blocks.#": "1",
                            "ingress.2214680975.cidr_blocks.0": "0.0.0.0/0",
                            "ingress.2214680975.description": "",
                            "ingress.2214680975.from_port": "80",
                            "ingress.2214680975.ipv6_cidr_blocks.#": "0",
                            "ingress.2214680975.protocol": "tcp",
                            "ingress.2214680975.security_groups.#": "0",
                            "ingress.2214680975.self": "false",
                            "ingress.2214680975.to_port": "80",
                            "ingress.3516978019.cidr_blocks.#": "1",
                            "ingress.3516978019.cidr_blocks.0": "0.0.0.0/0",
                            "ingress.3516978019.description": "",
                            "ingress.3516978019.from_port": "80",
                            "ingress.3516978019.ipv6_cidr_blocks.#": "0",
                            "ingress.3516978019.protocol": "icmp",
                            "ingress.3516978019.security_groups.#": "0",
                            "ingress.3516978019.self": "false",
                            "ingress.3516978019.to_port": "80",
                            "name": "production-web-inbound-sg",
                            "owner_id": "526031810329",
                            "revoke_rules_on_delete": "false",
                            "tags.%": "1",
                            "tags.Name": "production-web-inbound-sg",
                            "vpc_id": "vpc-089bb2286a58b5995"
                        },
                        "meta": {
                            "e2bfb730-ecaa-11e6-8f88-34363bc7c4c0": {
                                "create": 600000000000,
                                "delete": 600000000000
                            },
                            "schema_version": "1"
                        },
                        "tainted": false
                    },
                    "deposed": [],
                    "provider": "provider.aws"
                },
                "data.aws_iam_policy_document.ecs_service_policy": {
                    "type": "aws_iam_policy_document",
                    "depends_on": [],
                    "primary": {
                        "id": "3615693260",
                        "attributes": {
                            "id": "3615693260",
                            "json": "{\n  \"Version\": \"2012-10-17\",\n  \"Statement\": [\n    {\n      \"Sid\": \"\",\n      \"Effect\": \"Allow\",\n      \"Action\": [\n        \"elasticloadbalancing:RegisterInstancesWithLoadBalancer\",\n        \"elasticloadbalancing:Describe*\",\n        \"elasticloadbalancing:DeregisterInstancesFromLoadBalancer\",\n        \"ec2:Describe*\",\n        \"ec2:AuthorizeSecurityGroupIngress\"\n      ],\n      \"Resource\": \"*\"\n    }\n  ]\n}",
                            "statement.#": "1",
                            "statement.0.actions.#": "5",
                            "statement.0.actions.2459212947": "ec2:Describe*",
                            "statement.0.actions.2464853358": "ec2:AuthorizeSecurityGroupIngress",
                            "statement.0.actions.2706807274": "elasticloadbalancing:DeregisterInstancesFromLoadBalancer",
                            "statement.0.actions.2747799858": "elasticloadbalancing:Describe*",
                            "statement.0.actions.982461153": "elasticloadbalancing:RegisterInstancesWithLoadBalancer",
                            "statement.0.condition.#": "0",
                            "statement.0.effect": "Allow",
                            "statement.0.not_actions.#": "0",
                            "statement.0.not_principals.#": "0",
                            "statement.0.not_resources.#": "0",
                            "statement.0.principals.#": "0",
                            "statement.0.resources.#": "1",
                            "statement.0.resources.2679715827": "*",
                            "statement.0.sid": ""
                        },
                        "meta": {},
                        "tainted": false
                    },
                    "deposed": [],
                    "provider": "provider.aws"
                },
                "data.aws_iam_policy_document.ecs_service_role": {
                    "type": "aws_iam_policy_document",
                    "depends_on": [],
                    "primary": {
                        "id": "3622649364",
                        "attributes": {
                            "id": "3622649364",
                            "json": "{\n  \"Version\": \"2012-10-17\",\n  \"Statement\": [\n    {\n      \"Sid\": \"\",\n      \"Effect\": \"Allow\",\n      \"Action\": \"sts:AssumeRole\",\n      \"Principal\": {\n        \"Service\": \"ecs.amazonaws.com\"\n      }\n    }\n  ]\n}",
                            "statement.#": "1",
                            "statement.0.actions.#": "1",
                            "statement.0.actions.2528466339": "sts:AssumeRole",
                            "statement.0.condition.#": "0",
                            "statement.0.effect": "Allow",
                            "statement.0.not_actions.#": "0",
                            "statement.0.not_principals.#": "0",
                            "statement.0.not_resources.#": "0",
                            "statement.0.principals.#": "1",
                            "statement.0.principals.1113412664.identifiers.#": "1",
                            "statement.0.principals.1113412664.identifiers.1509832800": "ecs.amazonaws.com",
                            "statement.0.principals.1113412664.type": "Service",
                            "statement.0.resources.#": "0",
                            "statement.0.sid": ""
                        },
                        "meta": {},
                        "tainted": false
                    },
                    "deposed": [],
                    "provider": "provider.aws"
                },
                "random_id.target_group_suffix": {
                    "type": "random_id",
                    "depends_on": [],
                    "primary": {
                        "id": "oHQ",
                        "attributes": {
                            "b64": "oHQ",
                            "b64_std": "oHQ=",
                            "b64_url": "oHQ",
                            "byte_length": "2",
                            "dec": "41076",
                            "hex": "a074",
                            "id": "oHQ"
                        },
                        "meta": {},
                        "tainted": false
                    },
                    "deposed": [],
                    "provider": "provider.random"
                }
            },
            "depends_on": []
        },
        {
            "path": [
                "root",
                "networking"
            ],
            "outputs": {
                "default_sg_id": {
                    "sensitive": false,
                    "type": "string",
                    "value": "sg-0aa3bef085afb9f9b"
                },
                "private_subnet_ids": {
                    "sensitive": false,
                    "type": "list",
                    "value": [
                        "subnet-00ce893f50ed98230",
                        "subnet-0d9204425768dfc03"
                    ]
                },
                "public_subnet_ids": {
                    "sensitive": false,
                    "type": "list",
                    "value": [
                        "subnet-009a5a66b9866a8cc",
                        "subnet-060638c4f70e41588"
                    ]
                },
                "security_group_ids": {
                    "sensitive": false,
                    "type": "list",
                    "value": [
                        "sg-0aa3bef085afb9f9b"
                    ]
                },
                "vpc_id": {
                    "sensitive": false,
                    "type": "string",
                    "value": "vpc-089bb2286a58b5995"
                }
            },
            "resources": {
                "aws_eip.nat_eip": {
                    "type": "aws_eip",
                    "depends_on": [
                        "aws_internet_gateway.ig"
                    ],
                    "primary": {
                        "id": "eipalloc-0f3fa29bc969c0363",
                        "attributes": {
                            "association_id": "eipassoc-ba500a02",
                            "domain": "vpc",
                            "id": "eipalloc-0f3fa29bc969c0363",
                            "instance": "",
                            "network_interface": "eni-025e7662aa646dae1",
                            "private_ip": "10.0.1.152",
                            "public_ip": "34.193.94.182",
                            "tags.%": "0",
                            "vpc": "true"
                        },
                        "meta": {
                            "e2bfb730-ecaa-11e6-8f88-34363bc7c4c0": {
                                "delete": 180000000000,
                                "read": 900000000000,
                                "update": 300000000000
                            }
                        },
                        "tainted": false
                    },
                    "deposed": [],
                    "provider": "provider.aws"
                },
                "aws_internet_gateway.ig": {
                    "type": "aws_internet_gateway",
                    "depends_on": [
                        "aws_vpc.vpc"
                    ],
                    "primary": {
                        "id": "igw-0782c8a832ed6d816",
                        "attributes": {
                            "id": "igw-0782c8a832ed6d816",
                            "tags.%": "2",
                            "tags.Environment": "production",
                            "tags.Name": "production-igw",
                            "vpc_id": "vpc-089bb2286a58b5995"
                        },
                        "meta": {},
                        "tainted": false
                    },
                    "deposed": [],
                    "provider": "provider.aws"
                },
                "aws_nat_gateway.nat": {
                    "type": "aws_nat_gateway",
                    "depends_on": [
                        "aws_eip.nat_eip",
                        "aws_internet_gateway.ig",
                        "aws_subnet.public_subnet.*"
                    ],
                    "primary": {
                        "id": "nat-0d222b0188100c2ea",
                        "attributes": {
                            "allocation_id": "eipalloc-0f3fa29bc969c0363",
                            "id": "nat-0d222b0188100c2ea",
                            "network_interface_id": "eni-025e7662aa646dae1",
                            "private_ip": "10.0.1.152",
                            "public_ip": "34.193.94.182",
                            "subnet_id": "subnet-009a5a66b9866a8cc",
                            "tags.%": "2",
                            "tags.Environment": "production",
                            "tags.Name": "production-us-east-1a-nat"
                        },
                        "meta": {},
                        "tainted": false
                    },
                    "deposed": [],
                    "provider": "provider.aws"
                },
                "aws_route.private_nat_gateway": {
                    "type": "aws_route",
                    "depends_on": [
                        "aws_nat_gateway.nat",
                        "aws_route_table.private"
                    ],
                    "primary": {
                        "id": "r-rtb-0db2cf7e9087f3e311080289494",
                        "attributes": {
                            "destination_cidr_block": "0.0.0.0/0",
                            "destination_prefix_list_id": "",
                            "egress_only_gateway_id": "",
                            "gateway_id": "nat-0d222b0188100c2ea",
                            "id": "r-rtb-0db2cf7e9087f3e311080289494",
                            "instance_id": "",
                            "instance_owner_id": "",
                            "nat_gateway_id": "nat-0d222b0188100c2ea",
                            "network_interface_id": "",
                            "origin": "CreateRoute",
                            "route_table_id": "rtb-0db2cf7e9087f3e31",
                            "state": "active",
                            "vpc_peering_connection_id": ""
                        },
                        "meta": {
                            "e2bfb730-ecaa-11e6-8f88-34363bc7c4c0": {
                                "create": 120000000000,
                                "delete": 300000000000
                            }
                        },
                        "tainted": false
                    },
                    "deposed": [],
                    "provider": "provider.aws"
                },
                "aws_route.public_internet_gateway": {
                    "type": "aws_route",
                    "depends_on": [
                        "aws_internet_gateway.ig",
                        "aws_route_table.public"
                    ],
                    "primary": {
                        "id": "r-rtb-0c713fb20c6d054551080289494",
                        "attributes": {
                            "destination_cidr_block": "0.0.0.0/0",
                            "destination_prefix_list_id": "",
                            "egress_only_gateway_id": "",
                            "gateway_id": "igw-0782c8a832ed6d816",
                            "id": "r-rtb-0c713fb20c6d054551080289494",
                            "instance_id": "",
                            "instance_owner_id": "",
                            "nat_gateway_id": "",
                            "network_interface_id": "",
                            "origin": "CreateRoute",
                            "route_table_id": "rtb-0c713fb20c6d05455",
                            "state": "active",
                            "vpc_peering_connection_id": ""
                        },
                        "meta": {
                            "e2bfb730-ecaa-11e6-8f88-34363bc7c4c0": {
                                "create": 120000000000,
                                "delete": 300000000000
                            }
                        },
                        "tainted": false
                    },
                    "deposed": [],
                    "provider": "provider.aws"
                },
                "aws_route_table.private": {
                    "type": "aws_route_table",
                    "depends_on": [
                        "aws_vpc.vpc"
                    ],
                    "primary": {
                        "id": "rtb-0db2cf7e9087f3e31",
                        "attributes": {
                            "id": "rtb-0db2cf7e9087f3e31",
                            "propagating_vgws.#": "0",
                            "route.#": "1",
                            "route.4104947612.cidr_block": "0.0.0.0/0",
                            "route.4104947612.egress_only_gateway_id": "",
                            "route.4104947612.gateway_id": "",
                            "route.4104947612.instance_id": "",
                            "route.4104947612.ipv6_cidr_block": "",
                            "route.4104947612.nat_gateway_id": "nat-0d222b0188100c2ea",
                            "route.4104947612.network_interface_id": "",
                            "route.4104947612.vpc_peering_connection_id": "",
                            "tags.%": "2",
                            "tags.Environment": "production",
                            "tags.Name": "production-private-route-table",
                            "vpc_id": "vpc-089bb2286a58b5995"
                        },
                        "meta": {},
                        "tainted": false
                    },
                    "deposed": [],
                    "provider": "provider.aws"
                },
                "aws_route_table.public": {
                    "type": "aws_route_table",
                    "depends_on": [
                        "aws_vpc.vpc"
                    ],
                    "primary": {
                        "id": "rtb-0c713fb20c6d05455",
                        "attributes": {
                            "id": "rtb-0c713fb20c6d05455",
                            "propagating_vgws.#": "0",
                            "route.#": "1",
                            "route.835701529.cidr_block": "0.0.0.0/0",
                            "route.835701529.egress_only_gateway_id": "",
                            "route.835701529.gateway_id": "igw-0782c8a832ed6d816",
                            "route.835701529.instance_id": "",
                            "route.835701529.ipv6_cidr_block": "",
                            "route.835701529.nat_gateway_id": "",
                            "route.835701529.network_interface_id": "",
                            "route.835701529.vpc_peering_connection_id": "",
                            "tags.%": "2",
                            "tags.Environment": "production",
                            "tags.Name": "production-public-route-table",
                            "vpc_id": "vpc-089bb2286a58b5995"
                        },
                        "meta": {},
                        "tainted": false
                    },
                    "deposed": [],
                    "provider": "provider.aws"
                },
                "aws_route_table_association.private.0": {
                    "type": "aws_route_table_association",
                    "depends_on": [
                        "aws_route_table.private",
                        "aws_subnet.private_subnet.*"
                    ],
                    "primary": {
                        "id": "rtbassoc-0f4c1c685c5138210",
                        "attributes": {
                            "id": "rtbassoc-0f4c1c685c5138210",
                            "route_table_id": "rtb-0db2cf7e9087f3e31",
                            "subnet_id": "subnet-00ce893f50ed98230"
                        },
                        "meta": {},
                        "tainted": false
                    },
                    "deposed": [],
                    "provider": "provider.aws"
                },
                "aws_route_table_association.private.1": {
                    "type": "aws_route_table_association",
                    "depends_on": [
                        "aws_route_table.private",
                        "aws_subnet.private_subnet.*"
                    ],
                    "primary": {
                        "id": "rtbassoc-04e0564375e4e72db",
                        "attributes": {
                            "id": "rtbassoc-04e0564375e4e72db",
                            "route_table_id": "rtb-0db2cf7e9087f3e31",
                            "subnet_id": "subnet-0d9204425768dfc03"
                        },
                        "meta": {},
                        "tainted": false
                    },
                    "deposed": [],
                    "provider": "provider.aws"
                },
                "aws_route_table_association.public.0": {
                    "type": "aws_route_table_association",
                    "depends_on": [
                        "aws_route_table.public",
                        "aws_subnet.public_subnet.*"
                    ],
                    "primary": {
                        "id": "rtbassoc-07332409fbcbedb9c",
                        "attributes": {
                            "id": "rtbassoc-07332409fbcbedb9c",
                            "route_table_id": "rtb-0c713fb20c6d05455",
                            "subnet_id": "subnet-009a5a66b9866a8cc"
                        },
                        "meta": {},
                        "tainted": false
                    },
                    "deposed": [],
                    "provider": "provider.aws"
                },
                "aws_route_table_association.public.1": {
                    "type": "aws_route_table_association",
                    "depends_on": [
                        "aws_route_table.public",
                        "aws_subnet.public_subnet.*"
                    ],
                    "primary": {
                        "id": "rtbassoc-0a558bc11bf7f6ce1",
                        "attributes": {
                            "id": "rtbassoc-0a558bc11bf7f6ce1",
                            "route_table_id": "rtb-0c713fb20c6d05455",
                            "subnet_id": "subnet-060638c4f70e41588"
                        },
                        "meta": {},
                        "tainted": false
                    },
                    "deposed": [],
                    "provider": "provider.aws"
                },
                "aws_security_group.default": {
                    "type": "aws_security_group",
                    "depends_on": [
                        "aws_vpc.vpc"
                    ],
                    "primary": {
                        "id": "sg-0aa3bef085afb9f9b",
                        "attributes": {
                            "arn": "arn:aws:ec2:us-east-1:526031810329:security-group/sg-0aa3bef085afb9f9b",
                            "description": "default security group to allow inbound/outbound from the vpc",
                            "egress.#": "1",
                            "egress.753360330.cidr_blocks.#": "0",
                            "egress.753360330.description": "",
                            "egress.753360330.from_port": "0",
                            "egress.753360330.ipv6_cidr_blocks.#": "0",
                            "egress.753360330.prefix_list_ids.#": "0",
                            "egress.753360330.protocol": "-1",
                            "egress.753360330.security_groups.#": "0",
                            "egress.753360330.self": "true",
                            "egress.753360330.to_port": "0",
                            "id": "sg-0aa3bef085afb9f9b",
                            "ingress.#": "1",
                            "ingress.753360330.cidr_blocks.#": "0",
                            "ingress.753360330.description": "",
                            "ingress.753360330.from_port": "0",
                            "ingress.753360330.ipv6_cidr_blocks.#": "0",
                            "ingress.753360330.protocol": "-1",
                            "ingress.753360330.security_groups.#": "0",
                            "ingress.753360330.self": "true",
                            "ingress.753360330.to_port": "0",
                            "name": "production-default-sg",
                            "owner_id": "526031810329",
                            "revoke_rules_on_delete": "false",
                            "tags.%": "1",
                            "tags.environment": "production",
                            "vpc_id": "vpc-089bb2286a58b5995"
                        },
                        "meta": {
                            "e2bfb730-ecaa-11e6-8f88-34363bc7c4c0": {
                                "create": 600000000000,
                                "delete": 600000000000
                            },
                            "schema_version": "1"
                        },
                        "tainted": false
                    },
                    "deposed": [],
                    "provider": "provider.aws"
                },
                "aws_subnet.private_subnet.0": {
                    "type": "aws_subnet",
                    "depends_on": [
                        "aws_vpc.vpc"
                    ],
                    "primary": {
                        "id": "subnet-00ce893f50ed98230",
                        "attributes": {
                            "arn": "arn:aws:ec2:us-east-1:526031810329:subnet/subnet-00ce893f50ed98230",
                            "assign_ipv6_address_on_creation": "false",
                            "availability_zone": "us-east-1a",
                            "cidr_block": "10.0.10.0/24",
                            "id": "subnet-00ce893f50ed98230",
                            "map_public_ip_on_launch": "false",
                            "tags.%": "2",
                            "tags.Environment": "production",
                            "tags.Name": "production-us-east-1a-private-subnet",
                            "vpc_id": "vpc-089bb2286a58b5995"
                        },
                        "meta": {
                            "schema_version": "1"
                        },
                        "tainted": false
                    },
                    "deposed": [],
                    "provider": "provider.aws"
                },
                "aws_subnet.private_subnet.1": {
                    "type": "aws_subnet",
                    "depends_on": [
                        "aws_vpc.vpc"
                    ],
                    "primary": {
                        "id": "subnet-0d9204425768dfc03",
                        "attributes": {
                            "arn": "arn:aws:ec2:us-east-1:526031810329:subnet/subnet-0d9204425768dfc03",
                            "assign_ipv6_address_on_creation": "false",
                            "availability_zone": "us-east-1b",
                            "cidr_block": "10.0.20.0/24",
                            "id": "subnet-0d9204425768dfc03",
                            "map_public_ip_on_launch": "false",
                            "tags.%": "2",
                            "tags.Environment": "production",
                            "tags.Name": "production-us-east-1b-private-subnet",
                            "vpc_id": "vpc-089bb2286a58b5995"
                        },
                        "meta": {
                            "schema_version": "1"
                        },
                        "tainted": false
                    },
                    "deposed": [],
                    "provider": "provider.aws"
                },
                "aws_subnet.public_subnet.0": {
                    "type": "aws_subnet",
                    "depends_on": [
                        "aws_vpc.vpc"
                    ],
                    "primary": {
                        "id": "subnet-009a5a66b9866a8cc",
                        "attributes": {
                            "arn": "arn:aws:ec2:us-east-1:526031810329:subnet/subnet-009a5a66b9866a8cc",
                            "assign_ipv6_address_on_creation": "false",
                            "availability_zone": "us-east-1a",
                            "cidr_block": "10.0.1.0/24",
                            "id": "subnet-009a5a66b9866a8cc",
                            "map_public_ip_on_launch": "true",
                            "tags.%": "2",
                            "tags.Environment": "production",
                            "tags.Name": "production-us-east-1a-public-subnet",
                            "vpc_id": "vpc-089bb2286a58b5995"
                        },
                        "meta": {
                            "schema_version": "1"
                        },
                        "tainted": false
                    },
                    "deposed": [],
                    "provider": "provider.aws"
                },
                "aws_subnet.public_subnet.1": {
                    "type": "aws_subnet",
                    "depends_on": [
                        "aws_vpc.vpc"
                    ],
                    "primary": {
                        "id": "subnet-060638c4f70e41588",
                        "attributes": {
                            "arn": "arn:aws:ec2:us-east-1:526031810329:subnet/subnet-060638c4f70e41588",
                            "assign_ipv6_address_on_creation": "false",
                            "availability_zone": "us-east-1b",
                            "cidr_block": "10.0.2.0/24",
                            "id": "subnet-060638c4f70e41588",
                            "map_public_ip_on_launch": "true",
                            "tags.%": "2",
                            "tags.Environment": "production",
                            "tags.Name": "production-us-east-1b-public-subnet",
                            "vpc_id": "vpc-089bb2286a58b5995"
                        },
                        "meta": {
                            "schema_version": "1"
                        },
                        "tainted": false
                    },
                    "deposed": [],
                    "provider": "provider.aws"
                },
                "aws_vpc.vpc": {
                    "type": "aws_vpc",
                    "depends_on": [],
                    "primary": {
                        "id": "vpc-089bb2286a58b5995",
                        "attributes": {
                            "arn": "arn:aws:ec2:us-east-1:526031810329:vpc/vpc-089bb2286a58b5995",
                            "assign_generated_ipv6_cidr_block": "false",
                            "cidr_block": "10.0.0.0/16",
                            "default_network_acl_id": "acl-065e934e058373da4",
                            "default_route_table_id": "rtb-0be9288820ba411eb",
                            "default_security_group_id": "sg-0b334c40601bc5d96",
                            "dhcp_options_id": "dopt-e2b1419a",
                            "enable_classiclink": "false",
                            "enable_classiclink_dns_support": "false",
                            "enable_dns_hostnames": "true",
                            "enable_dns_support": "true",
                            "id": "vpc-089bb2286a58b5995",
                            "instance_tenancy": "default",
                            "main_route_table_id": "rtb-0be9288820ba411eb",
                            "tags.%": "2",
                            "tags.Environment": "production",
                            "tags.Name": "production-vpc"
                        },
                        "meta": {
                            "schema_version": "1"
                        },
                        "tainted": false
                    },
                    "deposed": [],
                    "provider": "provider.aws"
                }
            },
            "depends_on": []
        },
        {
            "path": [
                "root",
                "rds"
            ],
            "outputs": {
                "db_access_sg_id": {
                    "sensitive": false,
                    "type": "string",
                    "value": "sg-0490d5a0cdbdbfc03"
                }
            },
            "resources": {
                "aws_db_subnet_group.rds_subnet_group": {
                    "type": "aws_db_subnet_group",
                    "depends_on": [],
                    "primary": {
                        "id": "production-rds-subnet-group",
                        "attributes": {
                            "arn": "arn:aws:rds:us-east-1:526031810329:subgrp:production-rds-subnet-group",
                            "description": "RDS subnet group",
                            "id": "production-rds-subnet-group",
                            "name": "production-rds-subnet-group",
                            "subnet_ids.#": "2",
                            "subnet_ids.1991139385": "subnet-0d9204425768dfc03",
                            "subnet_ids.3410098747": "subnet-00ce893f50ed98230",
                            "tags.%": "1",
                            "tags.Environment": "production"
                        },
                        "meta": {},
                        "tainted": false
                    },
                    "deposed": [],
                    "provider": "provider.aws"
                },
                "aws_security_group.db_access_sg": {
                    "type": "aws_security_group",
                    "depends_on": [],
                    "primary": {
                        "id": "sg-0490d5a0cdbdbfc03",
                        "attributes": {
                            "arn": "arn:aws:ec2:us-east-1:526031810329:security-group/sg-0490d5a0cdbdbfc03",
                            "description": "allow access to RDS",
                            "egress.#": "0",
                            "id": "sg-0490d5a0cdbdbfc03",
                            "ingress.#": "0",
                            "name": "production-db-access-sg",
                            "owner_id": "526031810329",
                            "revoke_rules_on_delete": "false",
                            "tags.%": "2",
                            "tags.Environment": "production",
                            "tags.Name": "production-db-access-sg",
                            "vpc_id": "vpc-089bb2286a58b5995"
                        },
                        "meta": {
                            "e2bfb730-ecaa-11e6-8f88-34363bc7c4c0": {
                                "create": 600000000000,
                                "delete": 600000000000
                            },
                            "schema_version": "1"
                        },
                        "tainted": false
                    },
                    "deposed": [],
                    "provider": "provider.aws"
                },
                "aws_security_group.rds_sg": {
                    "type": "aws_security_group",
                    "depends_on": [
                        "aws_security_group.db_access_sg"
                    ],
                    "primary": {
                        "id": "sg-014379c5e7a85d7dc",
                        "attributes": {
                            "arn": "arn:aws:ec2:us-east-1:526031810329:security-group/sg-014379c5e7a85d7dc",
                            "description": "production Security Group",
                            "egress.#": "1",
                            "egress.482069346.cidr_blocks.#": "1",
                            "egress.482069346.cidr_blocks.0": "0.0.0.0/0",
                            "egress.482069346.description": "",
                            "egress.482069346.from_port": "0",
                            "egress.482069346.ipv6_cidr_blocks.#": "0",
                            "egress.482069346.prefix_list_ids.#": "0",
                            "egress.482069346.protocol": "-1",
                            "egress.482069346.security_groups.#": "0",
                            "egress.482069346.self": "false",
                            "egress.482069346.to_port": "0",
                            "id": "sg-014379c5e7a85d7dc",
                            "ingress.#": "2",
                            "ingress.2684163986.cidr_blocks.#": "0",
                            "ingress.2684163986.description": "",
                            "ingress.2684163986.from_port": "5432",
                            "ingress.2684163986.ipv6_cidr_blocks.#": "0",
                            "ingress.2684163986.protocol": "tcp",
                            "ingress.2684163986.security_groups.#": "1",
                            "ingress.2684163986.security_groups.1072377064": "sg-0490d5a0cdbdbfc03",
                            "ingress.2684163986.self": "false",
                            "ingress.2684163986.to_port": "5432",
                            "ingress.753360330.cidr_blocks.#": "0",
                            "ingress.753360330.description": "",
                            "ingress.753360330.from_port": "0",
                            "ingress.753360330.ipv6_cidr_blocks.#": "0",
                            "ingress.753360330.protocol": "-1",
                            "ingress.753360330.security_groups.#": "0",
                            "ingress.753360330.self": "true",
                            "ingress.753360330.to_port": "0",
                            "name": "production-rds-sg",
                            "owner_id": "526031810329",
                            "revoke_rules_on_delete": "false",
                            "tags.%": "2",
                            "tags.Environment": "production",
                            "tags.Name": "production-rds-sg",
                            "vpc_id": "vpc-089bb2286a58b5995"
                        },
                        "meta": {
                            "e2bfb730-ecaa-11e6-8f88-34363bc7c4c0": {
                                "create": 600000000000,
                                "delete": 600000000000
                            },
                            "schema_version": "1"
                        },
                        "tainted": false
                    },
                    "deposed": [],
                    "provider": "provider.aws"
                }
            },
            "depends_on": []
        }
    ]
}
